// !$*UTF8*$!
{
	archiveVersion = 1;
	classes = {
	};
	objectVersion = 46;
	objects = {

/* Begin PBXBuildFile section */
		03CD6A4243F666D36FA8F868 /* ofxGuiValuePlotter.cpp in Sources */ = {isa = PBXBuildFile; fileRef = 8207B315A28488595D2D415C /* ofxGuiValuePlotter.cpp */; };
		04C13EEA813A786CC1D8137A /* FxaaPass.cpp in Sources */ = {isa = PBXBuildFile; fileRef = 9425843AEC3118B8FDEF1B0B /* FxaaPass.cpp */; };
		08127807991AB0BB4BC8C75F /* JsonConfigParser.cpp in Sources */ = {isa = PBXBuildFile; fileRef = 76E32752CACF8184012D5743 /* JsonConfigParser.cpp */; };
		114C00B13F753E59BB0984BB /* DofPass.cpp in Sources */ = {isa = PBXBuildFile; fileRef = E837DEBFAEA1CAD833A377DF /* DofPass.cpp */; };
		1E47EA1A0575BB8C39BB0E96 /* Exceptions.cpp in Sources */ = {isa = PBXBuildFile; fileRef = 6ADDE1301DB5AECBEF5B21E5 /* Exceptions.cpp */; };
		1E615236D6D182DED6C8A8B2 /* RenderPass.cpp in Sources */ = {isa = PBXBuildFile; fileRef = 54F36382628E4D0FF07206D7 /* RenderPass.cpp */; };
		1E8A4D9D2831059ADAC237E1 /* Layout.cpp in Sources */ = {isa = PBXBuildFile; fileRef = 03641A2ED721246DEBE48BB6 /* Layout.cpp */; };
		235F650AC06759134BAA7849 /* ofxTransformPanel.cpp in Sources */ = {isa = PBXBuildFile; fileRef = BAC2843824B062FDEF5E0C62 /* ofxTransformPanel.cpp */; };
		28AFD6FA9B9C885AFD9FF1C7 /* HorizontalTiltShifPass.cpp in Sources */ = {isa = PBXBuildFile; fileRef = FAF7EF26FE0FF19EA6D9419D /* HorizontalTiltShifPass.cpp */; };
		33DB731E964056D7E35604A7 /* FakeSSSPass.cpp in Sources */ = {isa = PBXBuildFile; fileRef = C64B88209AF231B4FC8B4056 /* FakeSSSPass.cpp */; };
		3A499904889C490DCF533C6E /* BloomPass.cpp in Sources */ = {isa = PBXBuildFile; fileRef = D41ED8C8083845703AA1FDFA /* BloomPass.cpp */; };
		3C8DAD7A64F6347D7021518E /* ofxGuiSliderGroup.cpp in Sources */ = {isa = PBXBuildFile; fileRef = 6427743BBF76D108B64AD4C0 /* ofxGuiSliderGroup.cpp */; };
		3E7DD42BFE1A6D10F6481124 /* ofxDOMBoxLayout.cpp in Sources */ = {isa = PBXBuildFile; fileRef = 2C65378F473DCFF80F18CBA5 /* ofxDOMBoxLayout.cpp */; };
		430300F687323CE1F5D14062 /* ofxGuiGroup.cpp in Sources */ = {isa = PBXBuildFile; fileRef = 79FFCFC0C98F7EA1601EEC98 /* ofxGuiGroup.cpp */; };
		4355FD81C3F9DDE40B10CE94 /* SSAOPass.cpp in Sources */ = {isa = PBXBuildFile; fileRef = C127DCF305861E6D5D6332E6 /* SSAOPass.cpp */; };
		4524F366BF3EEC2EFC12B68F /* ofxGuiFpsPlotter.cpp in Sources */ = {isa = PBXBuildFile; fileRef = 0EACB1FD3730B7AC4472B6FF /* ofxGuiFpsPlotter.cpp */; };
		4A2B684DF41F7779B2947319 /* RimHighlightingPass.cpp in Sources */ = {isa = PBXBuildFile; fileRef = 74BDDD14F49833AD24862E87 /* RimHighlightingPass.cpp */; };
		4EA4D975B78D41287C17E8B0 /* ofxDOMFlexBoxLayout.cpp in Sources */ = {isa = PBXBuildFile; fileRef = 0C6B470081D3D460F656E837 /* ofxDOMFlexBoxLayout.cpp */; };
		57178B2F9865D0F7A2408D49 /* ofxParticle.cpp in Sources */ = {isa = PBXBuildFile; fileRef = 55B76645E4D8D78EFD4175AE /* ofxParticle.cpp */; };
		5C0FDE412DD777CB0A2BCB2D /* ofxGuiExtended.cpp in Sources */ = {isa = PBXBuildFile; fileRef = 213B40B085C2FDC6D03B33B1 /* ofxGuiExtended.cpp */; };
		5DF76B748ED2393A56E6914F /* ofxGuiToggle.cpp in Sources */ = {isa = PBXBuildFile; fileRef = 2333F33018FC9FEF0A7F8C15 /* ofxGuiToggle.cpp */; };
		5F9A42BB0D0E7BE2A7F62FDB /* ofxTransformer.cpp in Sources */ = {isa = PBXBuildFile; fileRef = 75FF1054D5948D7EDDD30E44 /* ofxTransformer.cpp */; };
		6A28C9A4457912691EF73C5A /* ofxDOMLayoutHelper.cpp in Sources */ = {isa = PBXBuildFile; fileRef = A68BD8D2A1700BF2D8F776B7 /* ofxDOMLayoutHelper.cpp */; };
		6A505EAE8088949A9180FFE7 /* GodRaysPass.cpp in Sources */ = {isa = PBXBuildFile; fileRef = C07AAE715D8853EDA76BC909 /* GodRaysPass.cpp */; };
		753071EB1CF2B28E0061556A /* BaseAsset.cpp in Sources */ = {isa = PBXBuildFile; fileRef = 753071DB1CF2B28E0061556A /* BaseAsset.cpp */; };
		753071EC1CF2B28E0061556A /* Font.cpp in Sources */ = {isa = PBXBuildFile; fileRef = 753071DD1CF2B28E0061556A /* Font.cpp */; };
		753071ED1CF2B28E0061556A /* Image.cpp in Sources */ = {isa = PBXBuildFile; fileRef = 753071DF1CF2B28E0061556A /* Image.cpp */; };
		753071EE1CF2B28E0061556A /* Register.cpp in Sources */ = {isa = PBXBuildFile; fileRef = 753071E11CF2B28E0061556A /* Register.cpp */; };
		753071EF1CF2B28E0061556A /* Set.cpp in Sources */ = {isa = PBXBuildFile; fileRef = 753071E31CF2B28E0061556A /* Set.cpp */; };
		753071F01CF2B28E0061556A /* Shader.cpp in Sources */ = {isa = PBXBuildFile; fileRef = 753071E51CF2B28E0061556A /* Shader.cpp */; };
		753071F11CF2B28E0061556A /* Sound.cpp in Sources */ = {isa = PBXBuildFile; fileRef = 753071E71CF2B28E0061556A /* Sound.cpp */; };
		753071F21CF2B28E0061556A /* ofxAssets.cpp in Sources */ = {isa = PBXBuildFile; fileRef = 753071E91CF2B28E0061556A /* ofxAssets.cpp */; };
		778DCA6792476E5B9F57F175 /* ConvolutionPass.cpp in Sources */ = {isa = PBXBuildFile; fileRef = 3AACD9661AF21261E24A05A4 /* ConvolutionPass.cpp */; };
		792274FFC375D4C8CFEE755F /* ofxGuiElement.cpp in Sources */ = {isa = PBXBuildFile; fileRef = CA5E3F253E83EA27E447A2A8 /* ofxGuiElement.cpp */; };
		79308B05C4D0A9B9E404FFED /* BleachBypassPass.cpp in Sources */ = {isa = PBXBuildFile; fileRef = C5313A8CC477A5ECC0A7E4E8 /* BleachBypassPass.cpp */; };
		7A22364A34D38C91D859D354 /* ofxGuiLabel.cpp in Sources */ = {isa = PBXBuildFile; fileRef = F9E4BC31293B5855C601FB91 /* ofxGuiLabel.cpp */; };
		7AB003C531E50666511A7982 /* ofxGuiSlider.cpp in Sources */ = {isa = PBXBuildFile; fileRef = 6478A0882AE2B72C38FD01D9 /* ofxGuiSlider.cpp */; };
		7AB51F1099DC01486D18FAF6 /* LimbDarkeningPass.cpp in Sources */ = {isa = PBXBuildFile; fileRef = 9222AE2464AE1CF72876A4ED /* LimbDarkeningPass.cpp */; };
		7CEBB18388F905779AB54F80 /* ofxGuiGraphics.cpp in Sources */ = {isa = PBXBuildFile; fileRef = 508D15A543715E9E0BAB61A8 /* ofxGuiGraphics.cpp */; };
		7F587E2192AA95C424BF91AB /* ofxScene.cpp in Sources */ = {isa = PBXBuildFile; fileRef = FC7E9B4A22D8921421C51E3C /* ofxScene.cpp */; };
		8072A86E35F7000F7CDEEF42 /* NoiseWarpPass.cpp in Sources */ = {isa = PBXBuildFile; fileRef = 5BC56A60E911F7488A58830A /* NoiseWarpPass.cpp */; };
		813E52BD790CE4AAF527DCD4 /* ToonPass.cpp in Sources */ = {isa = PBXBuildFile; fileRef = E547AB568F5E5027A880C47C /* ToonPass.cpp */; };
		884CB4D049E35C51E949A565 /* KaleidoscopePass.cpp in Sources */ = {isa = PBXBuildFile; fileRef = 108C4DB0C398388D00027091 /* KaleidoscopePass.cpp */; };
		898CB0955CB42FEB5D750A5C /* VerticalTiltShifPass.cpp in Sources */ = {isa = PBXBuildFile; fileRef = 2C2B73DCDAF417A486A343EF /* VerticalTiltShifPass.cpp */; };
		8DE52B72CB62786CAB8233F7 /* ofxGuiButton.cpp in Sources */ = {isa = PBXBuildFile; fileRef = 3CDB98FDF8C3BFD666AD3B72 /* ofxGuiButton.cpp */; };
		96D881793A465B099189E933 /* ofxGuiZoomableGraphics.cpp in Sources */ = {isa = PBXBuildFile; fileRef = 8442D8A7A7F11B5548BE3FB1 /* ofxGuiZoomableGraphics.cpp */; };
		AE65C02FEC934514466A8D67 /* EdgePass.cpp in Sources */ = {isa = PBXBuildFile; fileRef = 0AC8B4DE8CD341280FDE798A /* EdgePass.cpp */; };
		B1747F12881D899DCA2647FC /* LUTPass.cpp in Sources */ = {isa = PBXBuildFile; fileRef = F171898BD12F77CCAD29B7C1 /* LUTPass.cpp */; };
		B58A80B21A55E254F48E6E13 /* DofAltPass.cpp in Sources */ = {isa = PBXBuildFile; fileRef = 91F91C3BEAD0B3C2B92BB9A5 /* DofAltPass.cpp */; };
		B59194C82B8D802DA33EC465 /* HsbShiftPass.cpp in Sources */ = {isa = PBXBuildFile; fileRef = 3F8A1741CC4F784D8B130531 /* HsbShiftPass.cpp */; };
		B951AAE35209993B4E399E77 /* PixelatePass.cpp in Sources */ = {isa = PBXBuildFile; fileRef = 7462D018F6D6E407E598A021 /* PixelatePass.cpp */; };
		BE5ED1FDB18D5092CF3AACA0 /* PostProcessing.cpp in Sources */ = {isa = PBXBuildFile; fileRef = 484F662699DFE8176E1B750F /* PostProcessing.cpp */; };
		C688DEE8EC1EFF0A266883D3 /* Document.cpp in Sources */ = {isa = PBXBuildFile; fileRef = AB1ADF157B95D309C00861D2 /* Document.cpp */; };
		D1F07B0CD403BD9B4A42B691 /* ofxGuiTabs.cpp in Sources */ = {isa = PBXBuildFile; fileRef = A965AA20E3EF2F1226464388 /* ofxGuiTabs.cpp */; };
		D752EB8BA905C25F5E7F2B30 /* ZoomBlurPass.cpp in Sources */ = {isa = PBXBuildFile; fileRef = EF8D27B3DEDC121DE85F5B7B /* ZoomBlurPass.cpp */; };
		D8C5E586C319057792A7D92E /* Element.cpp in Sources */ = {isa = PBXBuildFile; fileRef = 7A4B52B532EA74539045A6EF /* Element.cpp */; };
		D8C70DB2BC6120D71EBF23DC /* ofxQuadWarper.cpp in Sources */ = {isa = PBXBuildFile; fileRef = 63730F5F8A1ABA6F5DB78E7B /* ofxQuadWarper.cpp */; };
		DFB75F1EBE744A456AC999F4 /* ContrastPass.cpp in Sources */ = {isa = PBXBuildFile; fileRef = 6788311DC7D945282047837A /* ContrastPass.cpp */; };
		E4328149138ABC9F0047C5CB /* openFrameworksDebug.a in Frameworks */ = {isa = PBXBuildFile; fileRef = E4328148138ABC890047C5CB /* openFrameworksDebug.a */; };
		E4797F1786BE22985F7EE55F /* RGBShiftPass.cpp in Sources */ = {isa = PBXBuildFile; fileRef = 5201F6A7A19258B7F1CA2E43 /* RGBShiftPass.cpp */; };
		E4B69E200A3A1BDC003C02F2 /* main.cpp in Sources */ = {isa = PBXBuildFile; fileRef = E4B69E1D0A3A1BDC003C02F2 /* main.cpp */; };
		E4B69E210A3A1BDC003C02F2 /* ofApp.cpp in Sources */ = {isa = PBXBuildFile; fileRef = E4B69E1E0A3A1BDC003C02F2 /* ofApp.cpp */; };
		E82EBA1255FE3AC639FCA904 /* ofxApp.cpp in Sources */ = {isa = PBXBuildFile; fileRef = 13F6D638F5246F6426128157 /* ofxApp.cpp */; };
		EAC9F547A30B052D9752D4CC /* ofxSceneManager.cpp in Sources */ = {isa = PBXBuildFile; fileRef = 83527A3E3C29064BB9B26AC5 /* ofxSceneManager.cpp */; };
		ED28C29028FC6EC7B05354E7 /* ofxGuiPanel.cpp in Sources */ = {isa = PBXBuildFile; fileRef = 4FACBD8A416E35A42666C290 /* ofxGuiPanel.cpp */; };
		F2DE26B77052C57086C4C69B /* ofxGuiFunctionPlotter.cpp in Sources */ = {isa = PBXBuildFile; fileRef = 950B86B6711F3EE2FB964C32 /* ofxGuiFunctionPlotter.cpp */; };
		F632072F6E6313CD75B4B70F /* ofxGuiInputField.cpp in Sources */ = {isa = PBXBuildFile; fileRef = DA2BCEF495EF00E1B455B1F6 /* ofxGuiInputField.cpp */; };
		FAB5D5A57D66F2406B4066CE /* Events.cpp in Sources */ = {isa = PBXBuildFile; fileRef = D809EF33AADE8DB85D9F4266 /* Events.cpp */; };
		FBEC4F66DE4E4D6ADB661F37 /* ofxSortableList.cpp in Sources */ = {isa = PBXBuildFile; fileRef = 492D1821296BC265DAAC6696 /* ofxSortableList.cpp */; };
/* End PBXBuildFile section */

/* Begin PBXContainerItemProxy section */
		E4328147138ABC890047C5CB /* PBXContainerItemProxy */ = {
			isa = PBXContainerItemProxy;
			containerPortal = E4328143138ABC890047C5CB /* openFrameworksLib.xcodeproj */;
			proxyType = 2;
			remoteGlobalIDString = E4B27C1510CBEB8E00536013;
			remoteInfo = openFrameworks;
		};
		E4EEB9AB138B136A00A80321 /* PBXContainerItemProxy */ = {
			isa = PBXContainerItemProxy;
			containerPortal = E4328143138ABC890047C5CB /* openFrameworksLib.xcodeproj */;
			proxyType = 1;
			remoteGlobalIDString = E4B27C1410CBEB8E00536013;
			remoteInfo = openFrameworks;
		};
/* End PBXContainerItemProxy section */

/* Begin PBXCopyFilesBuildPhase section */
		E4C2427710CC5ABF004149E2 /* CopyFiles */ = {
			isa = PBXCopyFilesBuildPhase;
			buildActionMask = 2147483647;
			dstPath = "";
			dstSubfolderSpec = 10;
			files = (
			);
			runOnlyForDeploymentPostprocessing = 0;
		};
/* End PBXCopyFilesBuildPhase section */

/* Begin PBXFileReference section */
		0217829E621698E1FD8D9876 /* EdgePass.h */ = {isa = PBXFileReference; explicitFileType = sourcecode.c.h; fileEncoding = 30; name = EdgePass.h; path = ../../../addons/ofxPostProcessing/src/EdgePass.h; sourceTree = SOURCE_ROOT; };
		03641A2ED721246DEBE48BB6 /* Layout.cpp */ = {isa = PBXFileReference; explicitFileType = sourcecode.cpp.cpp; fileEncoding = 30; name = Layout.cpp; path = ../../../addons/ofxGuiExtended/src/DOM/Layout.cpp; sourceTree = SOURCE_ROOT; };
		044D4B2A1A607F88FEF2B610 /* ConvolutionPass.h */ = {isa = PBXFileReference; explicitFileType = sourcecode.c.h; fileEncoding = 30; name = ConvolutionPass.h; path = ../../../addons/ofxPostProcessing/src/ConvolutionPass.h; sourceTree = SOURCE_ROOT; };
		0453A7C309E8AE8F8C1CC6E8 /* DofPass.h */ = {isa = PBXFileReference; explicitFileType = sourcecode.c.h; fileEncoding = 30; name = DofPass.h; path = ../../../addons/ofxPostProcessing/src/DofPass.h; sourceTree = SOURCE_ROOT; };
		097FCE1BD109D98ECB276D32 /* ofxBitmapString.h */ = {isa = PBXFileReference; explicitFileType = sourcecode.c.h; fileEncoding = 30; name = ofxBitmapString.h; path = ../../../addons/ofxAppUtils/src/ofxBitmapString.h; sourceTree = SOURCE_ROOT; };
		09D8BD1E4337EAE9C8DDE0B3 /* ofxGuiFunctionPlotter.h */ = {isa = PBXFileReference; explicitFileType = sourcecode.c.h; fileEncoding = 30; name = ofxGuiFunctionPlotter.h; path = ../../../addons/ofxGuiExtended/src/controls/ofxGuiFunctionPlotter.h; sourceTree = SOURCE_ROOT; };
		0AC8B4DE8CD341280FDE798A /* EdgePass.cpp */ = {isa = PBXFileReference; explicitFileType = sourcecode.cpp.cpp; fileEncoding = 30; name = EdgePass.cpp; path = ../../../addons/ofxPostProcessing/src/EdgePass.cpp; sourceTree = SOURCE_ROOT; };
		0BC82FF9BACF54030E42E808 /* RGBShiftPass.h */ = {isa = PBXFileReference; explicitFileType = sourcecode.c.h; fileEncoding = 30; name = RGBShiftPass.h; path = ../../../addons/ofxPostProcessing/src/RGBShiftPass.h; sourceTree = SOURCE_ROOT; };
		0C6B470081D3D460F656E837 /* ofxDOMFlexBoxLayout.cpp */ = {isa = PBXFileReference; explicitFileType = sourcecode.cpp.cpp; fileEncoding = 30; name = ofxDOMFlexBoxLayout.cpp; path = ../../../addons/ofxGuiExtended/src/view/ofxDOMFlexBoxLayout.cpp; sourceTree = SOURCE_ROOT; };
		0CD7E22B01780B878CDBA02D /* ofxQuadWarper.h */ = {isa = PBXFileReference; explicitFileType = sourcecode.c.h; fileEncoding = 30; name = ofxQuadWarper.h; path = ../../../addons/ofxAppUtils/src/ofxQuadWarper.h; sourceTree = SOURCE_ROOT; };
		0D811F3E1817C17351F97CCF /* BleachBypassPass.h */ = {isa = PBXFileReference; explicitFileType = sourcecode.c.h; fileEncoding = 30; name = BleachBypassPass.h; path = ../../../addons/ofxPostProcessing/src/BleachBypassPass.h; sourceTree = SOURCE_ROOT; };
		0DCB96910A3B8D2DBBEA188B /* ofxGuiTabs.h */ = {isa = PBXFileReference; explicitFileType = sourcecode.c.h; fileEncoding = 30; name = ofxGuiTabs.h; path = ../../../addons/ofxGuiExtended/src/containers/ofxGuiTabs.h; sourceTree = SOURCE_ROOT; };
		0EACB1FD3730B7AC4472B6FF /* ofxGuiFpsPlotter.cpp */ = {isa = PBXFileReference; explicitFileType = sourcecode.cpp.cpp; fileEncoding = 30; name = ofxGuiFpsPlotter.cpp; path = ../../../addons/ofxGuiExtended/src/controls/ofxGuiFpsPlotter.cpp; sourceTree = SOURCE_ROOT; };
		108C4DB0C398388D00027091 /* KaleidoscopePass.cpp */ = {isa = PBXFileReference; explicitFileType = sourcecode.cpp.cpp; fileEncoding = 30; name = KaleidoscopePass.cpp; path = ../../../addons/ofxPostProcessing/src/KaleidoscopePass.cpp; sourceTree = SOURCE_ROOT; };
		1108D75E4CE76FF290CF7811 /* ofxGuiSliderGroup.h */ = {isa = PBXFileReference; explicitFileType = sourcecode.c.h; fileEncoding = 30; name = ofxGuiSliderGroup.h; path = ../../../addons/ofxGuiExtended/src/containers/ofxGuiSliderGroup.h; sourceTree = SOURCE_ROOT; };
		124EE9F10F30A440237B0CB2 /* ofxGuiGroup.h */ = {isa = PBXFileReference; explicitFileType = sourcecode.c.h; fileEncoding = 30; name = ofxGuiGroup.h; path = ../../../addons/ofxGuiExtended/src/containers/ofxGuiGroup.h; sourceTree = SOURCE_ROOT; };
		13F6D638F5246F6426128157 /* ofxApp.cpp */ = {isa = PBXFileReference; explicitFileType = sourcecode.cpp.cpp; fileEncoding = 30; name = ofxApp.cpp; path = ../../../addons/ofxAppUtils/src/ofxApp.cpp; sourceTree = SOURCE_ROOT; };
		14F8B4286F653202B881D865 /* ToonPass.h */ = {isa = PBXFileReference; explicitFileType = sourcecode.c.h; fileEncoding = 30; name = ToonPass.h; path = ../../../addons/ofxPostProcessing/src/ToonPass.h; sourceTree = SOURCE_ROOT; };
		16164C667C5E34D21437C58C /* ofxDOM.h */ = {isa = PBXFileReference; explicitFileType = sourcecode.c.h; fileEncoding = 30; name = ofxDOM.h; path = ../../../addons/ofxGuiExtended/src/DOM/ofxDOM.h; sourceTree = SOURCE_ROOT; };
		19EE80119674857FAB42C842 /* ofxGuiElement.h */ = {isa = PBXFileReference; explicitFileType = sourcecode.c.h; fileEncoding = 30; name = ofxGuiElement.h; path = ../../../addons/ofxGuiExtended/src/ofxGuiElement.h; sourceTree = SOURCE_ROOT; };
		213B40B085C2FDC6D03B33B1 /* ofxGuiExtended.cpp */ = {isa = PBXFileReference; explicitFileType = sourcecode.cpp.cpp; fileEncoding = 30; name = ofxGuiExtended.cpp; path = ../../../addons/ofxGuiExtended/src/ofxGuiExtended.cpp; sourceTree = SOURCE_ROOT; };
		2333F33018FC9FEF0A7F8C15 /* ofxGuiToggle.cpp */ = {isa = PBXFileReference; explicitFileType = sourcecode.cpp.cpp; fileEncoding = 30; name = ofxGuiToggle.cpp; path = ../../../addons/ofxGuiExtended/src/controls/ofxGuiToggle.cpp; sourceTree = SOURCE_ROOT; };
		2BE782D7AEC00E59BE1F567F /* VerticalTiltShifPass.h */ = {isa = PBXFileReference; explicitFileType = sourcecode.c.h; fileEncoding = 30; name = VerticalTiltShifPass.h; path = ../../../addons/ofxPostProcessing/src/VerticalTiltShifPass.h; sourceTree = SOURCE_ROOT; };
		2C2B73DCDAF417A486A343EF /* VerticalTiltShifPass.cpp */ = {isa = PBXFileReference; explicitFileType = sourcecode.cpp.cpp; fileEncoding = 30; name = VerticalTiltShifPass.cpp; path = ../../../addons/ofxPostProcessing/src/VerticalTiltShifPass.cpp; sourceTree = SOURCE_ROOT; };
		2C65378F473DCFF80F18CBA5 /* ofxDOMBoxLayout.cpp */ = {isa = PBXFileReference; explicitFileType = sourcecode.cpp.cpp; fileEncoding = 30; name = ofxDOMBoxLayout.cpp; path = ../../../addons/ofxGuiExtended/src/view/ofxDOMBoxLayout.cpp; sourceTree = SOURCE_ROOT; };
		35DDC9D7877887B9D23690A4 /* EventTarget.h */ = {isa = PBXFileReference; explicitFileType = sourcecode.c.h; fileEncoding = 30; name = EventTarget.h; path = ../../../addons/ofxGuiExtended/src/DOM/EventTarget.h; sourceTree = SOURCE_ROOT; };
		3AACD9661AF21261E24A05A4 /* ConvolutionPass.cpp */ = {isa = PBXFileReference; explicitFileType = sourcecode.cpp.cpp; fileEncoding = 30; name = ConvolutionPass.cpp; path = ../../../addons/ofxPostProcessing/src/ConvolutionPass.cpp; sourceTree = SOURCE_ROOT; };
		3C39EA8CB1911093FD56F9ED /* HorizontalTiltShifPass.h */ = {isa = PBXFileReference; explicitFileType = sourcecode.c.h; fileEncoding = 30; name = HorizontalTiltShifPass.h; path = ../../../addons/ofxPostProcessing/src/HorizontalTiltShifPass.h; sourceTree = SOURCE_ROOT; };
		3CBBF694C461A82A575E5F4C /* ofxGuiDefaultConfig.h */ = {isa = PBXFileReference; explicitFileType = sourcecode.c.h; fileEncoding = 30; name = ofxGuiDefaultConfig.h; path = ../../../addons/ofxGuiExtended/src/view/ofxGuiDefaultConfig.h; sourceTree = SOURCE_ROOT; };
		3CDB98FDF8C3BFD666AD3B72 /* ofxGuiButton.cpp */ = {isa = PBXFileReference; explicitFileType = sourcecode.cpp.cpp; fileEncoding = 30; name = ofxGuiButton.cpp; path = ../../../addons/ofxGuiExtended/src/controls/ofxGuiButton.cpp; sourceTree = SOURCE_ROOT; };
		3EDF02B1992A99DCDEF640B4 /* ofxTransformPanel.h */ = {isa = PBXFileReference; explicitFileType = sourcecode.c.h; fileEncoding = 30; name = ofxTransformPanel.h; path = ../../../addons/ofxAppUtils/src/ofxTransformPanel.h; sourceTree = SOURCE_ROOT; };
		3F8A1741CC4F784D8B130531 /* HsbShiftPass.cpp */ = {isa = PBXFileReference; explicitFileType = sourcecode.cpp.cpp; fileEncoding = 30; name = HsbShiftPass.cpp; path = ../../../addons/ofxPostProcessing/src/HsbShiftPass.cpp; sourceTree = SOURCE_ROOT; };
		484F662699DFE8176E1B750F /* PostProcessing.cpp */ = {isa = PBXFileReference; explicitFileType = sourcecode.cpp.cpp; fileEncoding = 30; name = PostProcessing.cpp; path = ../../../addons/ofxPostProcessing/src/PostProcessing.cpp; sourceTree = SOURCE_ROOT; };
		48E4AC9F455A87F0448C70B2 /* ofxPostProcessing.h */ = {isa = PBXFileReference; explicitFileType = sourcecode.c.h; fileEncoding = 30; name = ofxPostProcessing.h; path = ../../../addons/ofxPostProcessing/src/ofxPostProcessing.h; sourceTree = SOURCE_ROOT; };
		492D1821296BC265DAAC6696 /* ofxSortableList.cpp */ = {isa = PBXFileReference; explicitFileType = sourcecode.cpp.cpp; fileEncoding = 30; name = ofxSortableList.cpp; path = ../../../addons/ofxSortableList/src/ofxSortableList.cpp; sourceTree = SOURCE_ROOT; };
		49CAE27DC1D138037CF88ACF /* FxaaPass.h */ = {isa = PBXFileReference; explicitFileType = sourcecode.c.h; fileEncoding = 30; name = FxaaPass.h; path = ../../../addons/ofxPostProcessing/src/FxaaPass.h; sourceTree = SOURCE_ROOT; };
		4FACBD8A416E35A42666C290 /* ofxGuiPanel.cpp */ = {isa = PBXFileReference; explicitFileType = sourcecode.cpp.cpp; fileEncoding = 30; name = ofxGuiPanel.cpp; path = ../../../addons/ofxGuiExtended/src/containers/ofxGuiPanel.cpp; sourceTree = SOURCE_ROOT; };
		50800DAB6C4B18E4F92166FC /* KaleidoscopePass.h */ = {isa = PBXFileReference; explicitFileType = sourcecode.c.h; fileEncoding = 30; name = KaleidoscopePass.h; path = ../../../addons/ofxPostProcessing/src/KaleidoscopePass.h; sourceTree = SOURCE_ROOT; };
		508D15A543715E9E0BAB61A8 /* ofxGuiGraphics.cpp */ = {isa = PBXFileReference; explicitFileType = sourcecode.cpp.cpp; fileEncoding = 30; name = ofxGuiGraphics.cpp; path = ../../../addons/ofxGuiExtended/src/controls/ofxGuiGraphics.cpp; sourceTree = SOURCE_ROOT; };
		5201F6A7A19258B7F1CA2E43 /* RGBShiftPass.cpp */ = {isa = PBXFileReference; explicitFileType = sourcecode.cpp.cpp; fileEncoding = 30; name = RGBShiftPass.cpp; path = ../../../addons/ofxPostProcessing/src/RGBShiftPass.cpp; sourceTree = SOURCE_ROOT; };
		54F36382628E4D0FF07206D7 /* RenderPass.cpp */ = {isa = PBXFileReference; explicitFileType = sourcecode.cpp.cpp; fileEncoding = 30; name = RenderPass.cpp; path = ../../../addons/ofxPostProcessing/src/RenderPass.cpp; sourceTree = SOURCE_ROOT; };
		55B76645E4D8D78EFD4175AE /* ofxParticle.cpp */ = {isa = PBXFileReference; explicitFileType = sourcecode.cpp.cpp; fileEncoding = 30; name = ofxParticle.cpp; path = ../../../addons/ofxAppUtils/src/ofxParticle.cpp; sourceTree = SOURCE_ROOT; };
		57D9B46A6C79CBA14BA11339 /* ofxAppUtils.h */ = {isa = PBXFileReference; explicitFileType = sourcecode.c.h; fileEncoding = 30; name = ofxAppUtils.h; path = ../../../addons/ofxAppUtils/src/ofxAppUtils.h; sourceTree = SOURCE_ROOT; };
		5BC56A60E911F7488A58830A /* NoiseWarpPass.cpp */ = {isa = PBXFileReference; explicitFileType = sourcecode.cpp.cpp; fileEncoding = 30; name = NoiseWarpPass.cpp; path = ../../../addons/ofxPostProcessing/src/NoiseWarpPass.cpp; sourceTree = SOURCE_ROOT; };
		5C019895B6F1C30124969338 /* ofxGuiValuePlotter.h */ = {isa = PBXFileReference; explicitFileType = sourcecode.c.h; fileEncoding = 30; name = ofxGuiValuePlotter.h; path = ../../../addons/ofxGuiExtended/src/controls/ofxGuiValuePlotter.h; sourceTree = SOURCE_ROOT; };
		63730F5F8A1ABA6F5DB78E7B /* ofxQuadWarper.cpp */ = {isa = PBXFileReference; explicitFileType = sourcecode.cpp.cpp; fileEncoding = 30; name = ofxQuadWarper.cpp; path = ../../../addons/ofxAppUtils/src/ofxQuadWarper.cpp; sourceTree = SOURCE_ROOT; };
		6427743BBF76D108B64AD4C0 /* ofxGuiSliderGroup.cpp */ = {isa = PBXFileReference; explicitFileType = sourcecode.cpp.cpp; fileEncoding = 30; name = ofxGuiSliderGroup.cpp; path = ../../../addons/ofxGuiExtended/src/containers/ofxGuiSliderGroup.cpp; sourceTree = SOURCE_ROOT; };
		6478A0882AE2B72C38FD01D9 /* ofxGuiSlider.cpp */ = {isa = PBXFileReference; explicitFileType = sourcecode.cpp.cpp; fileEncoding = 30; name = ofxGuiSlider.cpp; path = ../../../addons/ofxGuiExtended/src/controls/ofxGuiSlider.cpp; sourceTree = SOURCE_ROOT; };
		654312303DCC69B59603CFA1 /* matrix_funcs.h */ = {isa = PBXFileReference; explicitFileType = sourcecode.c.h; fileEncoding = 30; name = matrix_funcs.h; path = ../../../addons/ofxAppUtils/src/matrix_funcs.h; sourceTree = SOURCE_ROOT; };
		6788311DC7D945282047837A /* ContrastPass.cpp */ = {isa = PBXFileReference; explicitFileType = sourcecode.cpp.cpp; fileEncoding = 30; name = ContrastPass.cpp; path = ../../../addons/ofxPostProcessing/src/ContrastPass.cpp; sourceTree = SOURCE_ROOT; };
		68D59562196FADBB3D4F19E3 /* ofxScene.h */ = {isa = PBXFileReference; explicitFileType = sourcecode.c.h; fileEncoding = 30; name = ofxScene.h; path = ../../../addons/ofxAppUtils/src/ofxScene.h; sourceTree = SOURCE_ROOT; };
		6ADDE1301DB5AECBEF5B21E5 /* Exceptions.cpp */ = {isa = PBXFileReference; explicitFileType = sourcecode.cpp.cpp; fileEncoding = 30; name = Exceptions.cpp; path = ../../../addons/ofxGuiExtended/src/DOM/Exceptions.cpp; sourceTree = SOURCE_ROOT; };
		6AF187A99EECFB13E3BCCD33 /* LimbDarkeningPass.h */ = {isa = PBXFileReference; explicitFileType = sourcecode.c.h; fileEncoding = 30; name = LimbDarkeningPass.h; path = ../../../addons/ofxPostProcessing/src/LimbDarkeningPass.h; sourceTree = SOURCE_ROOT; };
		6BA8A23114597204D5C68767 /* ofxSceneManager.h */ = {isa = PBXFileReference; explicitFileType = sourcecode.c.h; fileEncoding = 30; name = ofxSceneManager.h; path = ../../../addons/ofxAppUtils/src/ofxSceneManager.h; sourceTree = SOURCE_ROOT; };
		6BBE5C9251660EA96B398017 /* SSAOPass.h */ = {isa = PBXFileReference; explicitFileType = sourcecode.c.h; fileEncoding = 30; name = SSAOPass.h; path = ../../../addons/ofxPostProcessing/src/SSAOPass.h; sourceTree = SOURCE_ROOT; };
		6F2E99AF858BD4605F4C2353 /* ofxDOMFlexBoxLayout.h */ = {isa = PBXFileReference; explicitFileType = sourcecode.c.h; fileEncoding = 30; name = ofxDOMFlexBoxLayout.h; path = ../../../addons/ofxGuiExtended/src/view/ofxDOMFlexBoxLayout.h; sourceTree = SOURCE_ROOT; };
		7462D018F6D6E407E598A021 /* PixelatePass.cpp */ = {isa = PBXFileReference; explicitFileType = sourcecode.cpp.cpp; fileEncoding = 30; name = PixelatePass.cpp; path = ../../../addons/ofxPostProcessing/src/PixelatePass.cpp; sourceTree = SOURCE_ROOT; };
		74BDDD14F49833AD24862E87 /* RimHighlightingPass.cpp */ = {isa = PBXFileReference; explicitFileType = sourcecode.cpp.cpp; fileEncoding = 30; name = RimHighlightingPass.cpp; path = ../../../addons/ofxPostProcessing/src/RimHighlightingPass.cpp; sourceTree = SOURCE_ROOT; };
		753071DB1CF2B28E0061556A /* BaseAsset.cpp */ = {isa = PBXFileReference; lastKnownFileType = sourcecode.cpp.cpp; path = BaseAsset.cpp; sourceTree = "<group>"; };
		753071DC1CF2B28E0061556A /* BaseAsset.h */ = {isa = PBXFileReference; lastKnownFileType = sourcecode.c.h; path = BaseAsset.h; sourceTree = "<group>"; };
		753071DD1CF2B28E0061556A /* Font.cpp */ = {isa = PBXFileReference; lastKnownFileType = sourcecode.cpp.cpp; path = Font.cpp; sourceTree = "<group>"; };
		753071DE1CF2B28E0061556A /* Font.h */ = {isa = PBXFileReference; lastKnownFileType = sourcecode.c.h; path = Font.h; sourceTree = "<group>"; };
		753071DF1CF2B28E0061556A /* Image.cpp */ = {isa = PBXFileReference; lastKnownFileType = sourcecode.cpp.cpp; path = Image.cpp; sourceTree = "<group>"; };
		753071E01CF2B28E0061556A /* Image.h */ = {isa = PBXFileReference; lastKnownFileType = sourcecode.c.h; path = Image.h; sourceTree = "<group>"; };
		753071E11CF2B28E0061556A /* Register.cpp */ = {isa = PBXFileReference; lastKnownFileType = sourcecode.cpp.cpp; path = Register.cpp; sourceTree = "<group>"; };
		753071E21CF2B28E0061556A /* Register.h */ = {isa = PBXFileReference; lastKnownFileType = sourcecode.c.h; path = Register.h; sourceTree = "<group>"; };
		753071E31CF2B28E0061556A /* Set.cpp */ = {isa = PBXFileReference; lastKnownFileType = sourcecode.cpp.cpp; path = Set.cpp; sourceTree = "<group>"; };
		753071E41CF2B28E0061556A /* Set.h */ = {isa = PBXFileReference; lastKnownFileType = sourcecode.c.h; path = Set.h; sourceTree = "<group>"; };
		753071E51CF2B28E0061556A /* Shader.cpp */ = {isa = PBXFileReference; lastKnownFileType = sourcecode.cpp.cpp; path = Shader.cpp; sourceTree = "<group>"; };
		753071E61CF2B28E0061556A /* Shader.h */ = {isa = PBXFileReference; lastKnownFileType = sourcecode.c.h; path = Shader.h; sourceTree = "<group>"; };
		753071E71CF2B28E0061556A /* Sound.cpp */ = {isa = PBXFileReference; lastKnownFileType = sourcecode.cpp.cpp; path = Sound.cpp; sourceTree = "<group>"; };
		753071E81CF2B28E0061556A /* Sound.h */ = {isa = PBXFileReference; lastKnownFileType = sourcecode.c.h; path = Sound.h; sourceTree = "<group>"; };
		753071E91CF2B28E0061556A /* ofxAssets.cpp */ = {isa = PBXFileReference; lastKnownFileType = sourcecode.cpp.cpp; path = ofxAssets.cpp; sourceTree = "<group>"; };
		753071EA1CF2B28E0061556A /* ofxAssets.h */ = {isa = PBXFileReference; lastKnownFileType = sourcecode.c.h; path = ofxAssets.h; sourceTree = "<group>"; };
		753071F91CF2B3CB0061556A /* Scene05.h */ = {isa = PBXFileReference; lastKnownFileType = sourcecode.c.h; path = Scene05.h; sourceTree = "<group>"; };
		753071FA1CF2B3CB0061556A /* Scene06.h */ = {isa = PBXFileReference; lastKnownFileType = sourcecode.c.h; path = Scene06.h; sourceTree = "<group>"; };
		753071FC1CF2B3CB0061556A /* Scene08.h */ = {isa = PBXFileReference; lastKnownFileType = sourcecode.c.h; path = Scene08.h; sourceTree = "<group>"; };
		753071FD1CF2B3CB0061556A /* scenes.h */ = {isa = PBXFileReference; lastKnownFileType = sourcecode.c.h; path = scenes.h; sourceTree = "<group>"; };
		753072041CF2BA860061556A /* theme_bleurgh.json */ = {isa = PBXFileReference; lastKnownFileType = text.json; path = theme_bleurgh.json; sourceTree = "<group>"; };
		753072051CF2BA860061556A /* theme_menu.json */ = {isa = PBXFileReference; lastKnownFileType = text.json; path = theme_menu.json; sourceTree = "<group>"; };
		75FF1054D5948D7EDDD30E44 /* ofxTransformer.cpp */ = {isa = PBXFileReference; explicitFileType = sourcecode.cpp.cpp; fileEncoding = 30; name = ofxTransformer.cpp; path = ../../../addons/ofxAppUtils/src/ofxTransformer.cpp; sourceTree = SOURCE_ROOT; };
		76E32752CACF8184012D5743 /* JsonConfigParser.cpp */ = {isa = PBXFileReference; explicitFileType = sourcecode.cpp.cpp; fileEncoding = 30; name = JsonConfigParser.cpp; path = ../../../addons/ofxGuiExtended/src/view/JsonConfigParser.cpp; sourceTree = SOURCE_ROOT; };
		79FFCFC0C98F7EA1601EEC98 /* ofxGuiGroup.cpp */ = {isa = PBXFileReference; explicitFileType = sourcecode.cpp.cpp; fileEncoding = 30; name = ofxGuiGroup.cpp; path = ../../../addons/ofxGuiExtended/src/containers/ofxGuiGroup.cpp; sourceTree = SOURCE_ROOT; };
		7A4B52B532EA74539045A6EF /* Element.cpp */ = {isa = PBXFileReference; explicitFileType = sourcecode.cpp.cpp; fileEncoding = 30; name = Element.cpp; path = ../../../addons/ofxGuiExtended/src/DOM/Element.cpp; sourceTree = SOURCE_ROOT; };
		8207B315A28488595D2D415C /* ofxGuiValuePlotter.cpp */ = {isa = PBXFileReference; explicitFileType = sourcecode.cpp.cpp; fileEncoding = 30; name = ofxGuiValuePlotter.cpp; path = ../../../addons/ofxGuiExtended/src/controls/ofxGuiValuePlotter.cpp; sourceTree = SOURCE_ROOT; };
		83527A3E3C29064BB9B26AC5 /* ofxSceneManager.cpp */ = {isa = PBXFileReference; explicitFileType = sourcecode.cpp.cpp; fileEncoding = 30; name = ofxSceneManager.cpp; path = ../../../addons/ofxAppUtils/src/ofxSceneManager.cpp; sourceTree = SOURCE_ROOT; };
		8442D8A7A7F11B5548BE3FB1 /* ofxGuiZoomableGraphics.cpp */ = {isa = PBXFileReference; explicitFileType = sourcecode.cpp.cpp; fileEncoding = 30; name = ofxGuiZoomableGraphics.cpp; path = ../../../addons/ofxGuiExtended/src/controls/ofxGuiZoomableGraphics.cpp; sourceTree = SOURCE_ROOT; };
		8837A42AB627209C464ED1CB /* Layout.h */ = {isa = PBXFileReference; explicitFileType = sourcecode.c.h; fileEncoding = 30; name = Layout.h; path = ../../../addons/ofxGuiExtended/src/DOM/Layout.h; sourceTree = SOURCE_ROOT; };
		8C31FA0FC99249CD4DEE3F7B /* ofxDOMBoxLayout.h */ = {isa = PBXFileReference; explicitFileType = sourcecode.c.h; fileEncoding = 30; name = ofxDOMBoxLayout.h; path = ../../../addons/ofxGuiExtended/src/view/ofxDOMBoxLayout.h; sourceTree = SOURCE_ROOT; };
		8F51CAC697C66C42538187D1 /* ofxGuiExtended.h */ = {isa = PBXFileReference; explicitFileType = sourcecode.c.h; fileEncoding = 30; name = ofxGuiExtended.h; path = ../../../addons/ofxGuiExtended/src/ofxGuiExtended.h; sourceTree = SOURCE_ROOT; };
		917E84E4F57957F7A5BD76F7 /* ofxTimer.h */ = {isa = PBXFileReference; explicitFileType = sourcecode.c.h; fileEncoding = 30; name = ofxTimer.h; path = ../../../addons/ofxAppUtils/src/ofxTimer.h; sourceTree = SOURCE_ROOT; };
		91F91C3BEAD0B3C2B92BB9A5 /* DofAltPass.cpp */ = {isa = PBXFileReference; explicitFileType = sourcecode.cpp.cpp; fileEncoding = 30; name = DofAltPass.cpp; path = ../../../addons/ofxPostProcessing/src/DofAltPass.cpp; sourceTree = SOURCE_ROOT; };
		9222AE2464AE1CF72876A4ED /* LimbDarkeningPass.cpp */ = {isa = PBXFileReference; explicitFileType = sourcecode.cpp.cpp; fileEncoding = 30; name = LimbDarkeningPass.cpp; path = ../../../addons/ofxPostProcessing/src/LimbDarkeningPass.cpp; sourceTree = SOURCE_ROOT; };
		9425843AEC3118B8FDEF1B0B /* FxaaPass.cpp */ = {isa = PBXFileReference; explicitFileType = sourcecode.cpp.cpp; fileEncoding = 30; name = FxaaPass.cpp; path = ../../../addons/ofxPostProcessing/src/FxaaPass.cpp; sourceTree = SOURCE_ROOT; };
		950B86B6711F3EE2FB964C32 /* ofxGuiFunctionPlotter.cpp */ = {isa = PBXFileReference; explicitFileType = sourcecode.cpp.cpp; fileEncoding = 30; name = ofxGuiFunctionPlotter.cpp; path = ../../../addons/ofxGuiExtended/src/controls/ofxGuiFunctionPlotter.cpp; sourceTree = SOURCE_ROOT; };
		9AACF31BAE533E8F81AD4043 /* LUTPass.h */ = {isa = PBXFileReference; explicitFileType = sourcecode.c.h; fileEncoding = 30; name = LUTPass.h; path = ../../../addons/ofxPostProcessing/src/LUTPass.h; sourceTree = SOURCE_ROOT; };
		A3BDD97E9CCE9A2675DDC615 /* ofxGuiLabel.h */ = {isa = PBXFileReference; explicitFileType = sourcecode.c.h; fileEncoding = 30; name = ofxGuiLabel.h; path = ../../../addons/ofxGuiExtended/src/controls/ofxGuiLabel.h; sourceTree = SOURCE_ROOT; };
		A68BD8D2A1700BF2D8F776B7 /* ofxDOMLayoutHelper.cpp */ = {isa = PBXFileReference; explicitFileType = sourcecode.cpp.cpp; fileEncoding = 30; name = ofxDOMLayoutHelper.cpp; path = ../../../addons/ofxGuiExtended/src/view/ofxDOMLayoutHelper.cpp; sourceTree = SOURCE_ROOT; };
		A7833EF7608C5DA1AB84BE8E /* ofxGuiGraphics.h */ = {isa = PBXFileReference; explicitFileType = sourcecode.c.h; fileEncoding = 30; name = ofxGuiGraphics.h; path = ../../../addons/ofxGuiExtended/src/controls/ofxGuiGraphics.h; sourceTree = SOURCE_ROOT; };
		A965AA20E3EF2F1226464388 /* ofxGuiTabs.cpp */ = {isa = PBXFileReference; explicitFileType = sourcecode.cpp.cpp; fileEncoding = 30; name = ofxGuiTabs.cpp; path = ../../../addons/ofxGuiExtended/src/containers/ofxGuiTabs.cpp; sourceTree = SOURCE_ROOT; };
		AB1ADF157B95D309C00861D2 /* Document.cpp */ = {isa = PBXFileReference; explicitFileType = sourcecode.cpp.cpp; fileEncoding = 30; name = Document.cpp; path = ../../../addons/ofxGuiExtended/src/DOM/Document.cpp; sourceTree = SOURCE_ROOT; };
		AD4ED35C34C7716523E3F68E /* ofxApp.h */ = {isa = PBXFileReference; explicitFileType = sourcecode.c.h; fileEncoding = 30; name = ofxApp.h; path = ../../../addons/ofxAppUtils/src/ofxApp.h; sourceTree = SOURCE_ROOT; };
		AE603E0BACE98CB9A24BAE62 /* ofxGuiInputField.h */ = {isa = PBXFileReference; explicitFileType = sourcecode.c.h; fileEncoding = 30; name = ofxGuiInputField.h; path = ../../../addons/ofxGuiExtended/src/controls/ofxGuiInputField.h; sourceTree = SOURCE_ROOT; };
		B16A374FF9F7B4C5B4609E0A /* JsonConfigParser.h */ = {isa = PBXFileReference; explicitFileType = sourcecode.c.h; fileEncoding = 30; name = JsonConfigParser.h; path = ../../../addons/ofxGuiExtended/src/view/JsonConfigParser.h; sourceTree = SOURCE_ROOT; };
		B27F4BAD65DEA520991E7564 /* ofxGuiZoomableGraphics.h */ = {isa = PBXFileReference; explicitFileType = sourcecode.c.h; fileEncoding = 30; name = ofxGuiZoomableGraphics.h; path = ../../../addons/ofxGuiExtended/src/controls/ofxGuiZoomableGraphics.h; sourceTree = SOURCE_ROOT; };
		B2F3289AB405C5BB496FC247 /* PixelatePass.h */ = {isa = PBXFileReference; explicitFileType = sourcecode.c.h; fileEncoding = 30; name = PixelatePass.h; path = ../../../addons/ofxPostProcessing/src/PixelatePass.h; sourceTree = SOURCE_ROOT; };
		B5CEF0B83529626C7E8410B7 /* BloomPass.h */ = {isa = PBXFileReference; explicitFileType = sourcecode.c.h; fileEncoding = 30; name = BloomPass.h; path = ../../../addons/ofxPostProcessing/src/BloomPass.h; sourceTree = SOURCE_ROOT; };
		B7E2BD918BE2FCE09352C3F7 /* ofxGuiSlider.h */ = {isa = PBXFileReference; explicitFileType = sourcecode.c.h; fileEncoding = 30; name = ofxGuiSlider.h; path = ../../../addons/ofxGuiExtended/src/controls/ofxGuiSlider.h; sourceTree = SOURCE_ROOT; };
		B8171158AAAA0027520EEAF7 /* ofxParticleManager.h */ = {isa = PBXFileReference; explicitFileType = sourcecode.c.h; fileEncoding = 30; name = ofxParticleManager.h; path = ../../../addons/ofxAppUtils/src/ofxParticleManager.h; sourceTree = SOURCE_ROOT; };
		BAA4E229C246D7B615917505 /* ZoomBlurPass.h */ = {isa = PBXFileReference; explicitFileType = sourcecode.c.h; fileEncoding = 30; name = ZoomBlurPass.h; path = ../../../addons/ofxPostProcessing/src/ZoomBlurPass.h; sourceTree = SOURCE_ROOT; };
		BAC2843824B062FDEF5E0C62 /* ofxTransformPanel.cpp */ = {isa = PBXFileReference; explicitFileType = sourcecode.cpp.cpp; fileEncoding = 30; name = ofxTransformPanel.cpp; path = ../../../addons/ofxAppUtils/src/ofxTransformPanel.cpp; sourceTree = SOURCE_ROOT; };
		C07AAE715D8853EDA76BC909 /* GodRaysPass.cpp */ = {isa = PBXFileReference; explicitFileType = sourcecode.cpp.cpp; fileEncoding = 30; name = GodRaysPass.cpp; path = ../../../addons/ofxPostProcessing/src/GodRaysPass.cpp; sourceTree = SOURCE_ROOT; };
		C127DCF305861E6D5D6332E6 /* SSAOPass.cpp */ = {isa = PBXFileReference; explicitFileType = sourcecode.cpp.cpp; fileEncoding = 30; name = SSAOPass.cpp; path = ../../../addons/ofxPostProcessing/src/SSAOPass.cpp; sourceTree = SOURCE_ROOT; };
		C5313A8CC477A5ECC0A7E4E8 /* BleachBypassPass.cpp */ = {isa = PBXFileReference; explicitFileType = sourcecode.cpp.cpp; fileEncoding = 30; name = BleachBypassPass.cpp; path = ../../../addons/ofxPostProcessing/src/BleachBypassPass.cpp; sourceTree = SOURCE_ROOT; };
		C544FD7B31B1AB7D56AEA53E /* ofxMovingAverage.h */ = {isa = PBXFileReference; explicitFileType = sourcecode.c.h; fileEncoding = 30; name = ofxMovingAverage.h; path = ../../../addons/ofxAppUtils/src/ofxMovingAverage.h; sourceTree = SOURCE_ROOT; };
		C64B88209AF231B4FC8B4056 /* FakeSSSPass.cpp */ = {isa = PBXFileReference; explicitFileType = sourcecode.cpp.cpp; fileEncoding = 30; name = FakeSSSPass.cpp; path = ../../../addons/ofxPostProcessing/src/FakeSSSPass.cpp; sourceTree = SOURCE_ROOT; };
		C69CBE4E4FA9530657A6CD23 /* FakeSSSPass.h */ = {isa = PBXFileReference; explicitFileType = sourcecode.c.h; fileEncoding = 30; name = FakeSSSPass.h; path = ../../../addons/ofxPostProcessing/src/FakeSSSPass.h; sourceTree = SOURCE_ROOT; };
		CA5E3F253E83EA27E447A2A8 /* ofxGuiElement.cpp */ = {isa = PBXFileReference; explicitFileType = sourcecode.cpp.cpp; fileEncoding = 30; name = ofxGuiElement.cpp; path = ../../../addons/ofxGuiExtended/src/ofxGuiElement.cpp; sourceTree = SOURCE_ROOT; };
		CC725CAE0A003458E5573DF9 /* GodRaysPass.h */ = {isa = PBXFileReference; explicitFileType = sourcecode.c.h; fileEncoding = 30; name = GodRaysPass.h; path = ../../../addons/ofxPostProcessing/src/GodRaysPass.h; sourceTree = SOURCE_ROOT; };
		CFE9EE9D8E455627CEA7347F /* ofxTransformer.h */ = {isa = PBXFileReference; explicitFileType = sourcecode.c.h; fileEncoding = 30; name = ofxTransformer.h; path = ../../../addons/ofxAppUtils/src/ofxTransformer.h; sourceTree = SOURCE_ROOT; };
		D41ED8C8083845703AA1FDFA /* BloomPass.cpp */ = {isa = PBXFileReference; explicitFileType = sourcecode.cpp.cpp; fileEncoding = 30; name = BloomPass.cpp; path = ../../../addons/ofxPostProcessing/src/BloomPass.cpp; sourceTree = SOURCE_ROOT; };
		D809EF33AADE8DB85D9F4266 /* Events.cpp */ = {isa = PBXFileReference; explicitFileType = sourcecode.cpp.cpp; fileEncoding = 30; name = Events.cpp; path = ../../../addons/ofxGuiExtended/src/DOM/Events.cpp; sourceTree = SOURCE_ROOT; };
		DA2BCEF495EF00E1B455B1F6 /* ofxGuiInputField.cpp */ = {isa = PBXFileReference; explicitFileType = sourcecode.cpp.cpp; fileEncoding = 30; name = ofxGuiInputField.cpp; path = ../../../addons/ofxGuiExtended/src/controls/ofxGuiInputField.cpp; sourceTree = SOURCE_ROOT; };
		DACACDF2F37260A0BFF826E2 /* PostProcessing.h */ = {isa = PBXFileReference; explicitFileType = sourcecode.c.h; fileEncoding = 30; name = PostProcessing.h; path = ../../../addons/ofxPostProcessing/src/PostProcessing.h; sourceTree = SOURCE_ROOT; };
		DD3A5FE1F4889595B0F90B55 /* ofxGuiButton.h */ = {isa = PBXFileReference; explicitFileType = sourcecode.c.h; fileEncoding = 30; name = ofxGuiButton.h; path = ../../../addons/ofxGuiExtended/src/controls/ofxGuiButton.h; sourceTree = SOURCE_ROOT; };
		DEF2C306ED271A94AC33B144 /* HsbShiftPass.h */ = {isa = PBXFileReference; explicitFileType = sourcecode.c.h; fileEncoding = 30; name = HsbShiftPass.h; path = ../../../addons/ofxPostProcessing/src/HsbShiftPass.h; sourceTree = SOURCE_ROOT; };
		E4328143138ABC890047C5CB /* openFrameworksLib.xcodeproj */ = {isa = PBXFileReference; lastKnownFileType = "wrapper.pb-project"; name = openFrameworksLib.xcodeproj; path = ../../../libs/openFrameworksCompiled/project/osx/openFrameworksLib.xcodeproj; sourceTree = SOURCE_ROOT; };
		E4B69B5B0A3A1756003C02F2 /* deBugDebug.app */ = {isa = PBXFileReference; explicitFileType = wrapper.application; includeInIndex = 0; path = deBugDebug.app; sourceTree = BUILT_PRODUCTS_DIR; };
		E4B69E1D0A3A1BDC003C02F2 /* main.cpp */ = {isa = PBXFileReference; fileEncoding = 30; lastKnownFileType = sourcecode.cpp.cpp; name = main.cpp; path = src/main.cpp; sourceTree = SOURCE_ROOT; };
		E4B69E1E0A3A1BDC003C02F2 /* ofApp.cpp */ = {isa = PBXFileReference; explicitFileType = sourcecode.cpp.cpp; fileEncoding = 30; name = ofApp.cpp; path = src/ofApp.cpp; sourceTree = SOURCE_ROOT; };
		E4B69E1F0A3A1BDC003C02F2 /* ofApp.h */ = {isa = PBXFileReference; fileEncoding = 30; lastKnownFileType = sourcecode.c.h; name = ofApp.h; path = src/ofApp.h; sourceTree = SOURCE_ROOT; };
		E4B6FCAD0C3E899E008CF71C /* openFrameworks-Info.plist */ = {isa = PBXFileReference; fileEncoding = 30; lastKnownFileType = text.plist.xml; path = "openFrameworks-Info.plist"; sourceTree = "<group>"; };
		E4EB691F138AFCF100A09F29 /* CoreOF.xcconfig */ = {isa = PBXFileReference; fileEncoding = 4; lastKnownFileType = text.xcconfig; name = CoreOF.xcconfig; path = ../../../libs/openFrameworksCompiled/project/osx/CoreOF.xcconfig; sourceTree = SOURCE_ROOT; };
		E4EB6923138AFD0F00A09F29 /* Project.xcconfig */ = {isa = PBXFileReference; fileEncoding = 4; lastKnownFileType = text.xcconfig; path = Project.xcconfig; sourceTree = "<group>"; };
		E547AB568F5E5027A880C47C /* ToonPass.cpp */ = {isa = PBXFileReference; explicitFileType = sourcecode.cpp.cpp; fileEncoding = 30; name = ToonPass.cpp; path = ../../../addons/ofxPostProcessing/src/ToonPass.cpp; sourceTree = SOURCE_ROOT; };
		E7669656D1682C567E9B1708 /* ofxGuiPanel.h */ = {isa = PBXFileReference; explicitFileType = sourcecode.c.h; fileEncoding = 30; name = ofxGuiPanel.h; path = ../../../addons/ofxGuiExtended/src/containers/ofxGuiPanel.h; sourceTree = SOURCE_ROOT; };
		E837DEBFAEA1CAD833A377DF /* DofPass.cpp */ = {isa = PBXFileReference; explicitFileType = sourcecode.cpp.cpp; fileEncoding = 30; name = DofPass.cpp; path = ../../../addons/ofxPostProcessing/src/DofPass.cpp; sourceTree = SOURCE_ROOT; };
		E84ADD8443D82E35430385B7 /* RimHighlightingPass.h */ = {isa = PBXFileReference; explicitFileType = sourcecode.c.h; fileEncoding = 30; name = RimHighlightingPass.h; path = ../../../addons/ofxPostProcessing/src/RimHighlightingPass.h; sourceTree = SOURCE_ROOT; };
		E97FA420B7F07E1F8349B259 /* Events.h */ = {isa = PBXFileReference; explicitFileType = sourcecode.c.h; fileEncoding = 30; name = Events.h; path = ../../../addons/ofxGuiExtended/src/DOM/Events.h; sourceTree = SOURCE_ROOT; };
		E98EAA801ED4C312AFBFE56A /* ofxGuiFpsPlotter.h */ = {isa = PBXFileReference; explicitFileType = sourcecode.c.h; fileEncoding = 30; name = ofxGuiFpsPlotter.h; path = ../../../addons/ofxGuiExtended/src/controls/ofxGuiFpsPlotter.h; sourceTree = SOURCE_ROOT; };
		EA11F25C2EEDD0CC8B994E63 /* ofxParticle.h */ = {isa = PBXFileReference; explicitFileType = sourcecode.c.h; fileEncoding = 30; name = ofxParticle.h; path = ../../../addons/ofxAppUtils/src/ofxParticle.h; sourceTree = SOURCE_ROOT; };
		EA2A13781712672758AFD432 /* DofAltPass.h */ = {isa = PBXFileReference; explicitFileType = sourcecode.c.h; fileEncoding = 30; name = DofAltPass.h; path = ../../../addons/ofxPostProcessing/src/DofAltPass.h; sourceTree = SOURCE_ROOT; };
		EF8D27B3DEDC121DE85F5B7B /* ZoomBlurPass.cpp */ = {isa = PBXFileReference; explicitFileType = sourcecode.cpp.cpp; fileEncoding = 30; name = ZoomBlurPass.cpp; path = ../../../addons/ofxPostProcessing/src/ZoomBlurPass.cpp; sourceTree = SOURCE_ROOT; };
		F07695D62846CC2B3E7CE30C /* ofxGuiToggle.h */ = {isa = PBXFileReference; explicitFileType = sourcecode.c.h; fileEncoding = 30; name = ofxGuiToggle.h; path = ../../../addons/ofxGuiExtended/src/controls/ofxGuiToggle.h; sourceTree = SOURCE_ROOT; };
		F0E85E664C7587AAB23E59EC /* Element.h */ = {isa = PBXFileReference; explicitFileType = sourcecode.c.h; fileEncoding = 30; name = Element.h; path = ../../../addons/ofxGuiExtended/src/DOM/Element.h; sourceTree = SOURCE_ROOT; };
		F171898BD12F77CCAD29B7C1 /* LUTPass.cpp */ = {isa = PBXFileReference; explicitFileType = sourcecode.cpp.cpp; fileEncoding = 30; name = LUTPass.cpp; path = ../../../addons/ofxPostProcessing/src/LUTPass.cpp; sourceTree = SOURCE_ROOT; };
		F5DB1AC24B8010FC3C556AAC /* RenderPass.h */ = {isa = PBXFileReference; explicitFileType = sourcecode.c.h; fileEncoding = 30; name = RenderPass.h; path = ../../../addons/ofxPostProcessing/src/RenderPass.h; sourceTree = SOURCE_ROOT; };
		F6014C1578E15BEBDF8ED306 /* ofxSortableList.h */ = {isa = PBXFileReference; explicitFileType = sourcecode.c.h; fileEncoding = 30; name = ofxSortableList.h; path = ../../../addons/ofxSortableList/src/ofxSortableList.h; sourceTree = SOURCE_ROOT; };
		F6D7BAB1E6F21D1BF7F843CE /* Types.h */ = {isa = PBXFileReference; explicitFileType = sourcecode.c.h; fileEncoding = 30; name = Types.h; path = ../../../addons/ofxGuiExtended/src/DOM/Types.h; sourceTree = SOURCE_ROOT; };
		F98D3119B492CAFA65819DDA /* ContrastPass.h */ = {isa = PBXFileReference; explicitFileType = sourcecode.c.h; fileEncoding = 30; name = ContrastPass.h; path = ../../../addons/ofxPostProcessing/src/ContrastPass.h; sourceTree = SOURCE_ROOT; };
		F9E4BC31293B5855C601FB91 /* ofxGuiLabel.cpp */ = {isa = PBXFileReference; explicitFileType = sourcecode.cpp.cpp; fileEncoding = 30; name = ofxGuiLabel.cpp; path = ../../../addons/ofxGuiExtended/src/controls/ofxGuiLabel.cpp; sourceTree = SOURCE_ROOT; };
		F9E69702DE151AD76690D1CF /* NoiseWarpPass.h */ = {isa = PBXFileReference; explicitFileType = sourcecode.c.h; fileEncoding = 30; name = NoiseWarpPass.h; path = ../../../addons/ofxPostProcessing/src/NoiseWarpPass.h; sourceTree = SOURCE_ROOT; };
		FA2D677A6EFF993302049105 /* ofxDOMLayoutHelper.h */ = {isa = PBXFileReference; explicitFileType = sourcecode.c.h; fileEncoding = 30; name = ofxDOMLayoutHelper.h; path = ../../../addons/ofxGuiExtended/src/view/ofxDOMLayoutHelper.h; sourceTree = SOURCE_ROOT; };
		FAF7EF26FE0FF19EA6D9419D /* HorizontalTiltShifPass.cpp */ = {isa = PBXFileReference; explicitFileType = sourcecode.cpp.cpp; fileEncoding = 30; name = HorizontalTiltShifPass.cpp; path = ../../../addons/ofxPostProcessing/src/HorizontalTiltShifPass.cpp; sourceTree = SOURCE_ROOT; };
		FC7E9B4A22D8921421C51E3C /* ofxScene.cpp */ = {isa = PBXFileReference; explicitFileType = sourcecode.cpp.cpp; fileEncoding = 30; name = ofxScene.cpp; path = ../../../addons/ofxAppUtils/src/ofxScene.cpp; sourceTree = SOURCE_ROOT; };
		FCBAE8C2819BF51E60DC747C /* Exceptions.h */ = {isa = PBXFileReference; explicitFileType = sourcecode.c.h; fileEncoding = 30; name = Exceptions.h; path = ../../../addons/ofxGuiExtended/src/DOM/Exceptions.h; sourceTree = SOURCE_ROOT; };
		FF6725DDE1565D12CF840B96 /* Document.h */ = {isa = PBXFileReference; explicitFileType = sourcecode.c.h; fileEncoding = 30; name = Document.h; path = ../../../addons/ofxGuiExtended/src/DOM/Document.h; sourceTree = SOURCE_ROOT; };
/* End PBXFileReference section */

/* Begin PBXFrameworksBuildPhase section */
		E4B69B590A3A1756003C02F2 /* Frameworks */ = {
			isa = PBXFrameworksBuildPhase;
			buildActionMask = 2147483647;
			files = (
				E4328149138ABC9F0047C5CB /* openFrameworksDebug.a in Frameworks */,
			);
			runOnlyForDeploymentPostprocessing = 0;
		};
/* End PBXFrameworksBuildPhase section */

/* Begin PBXGroup section */
		00AB454634C1C6F9AC86FDB3 /* ofxSortableList */ = {
			isa = PBXGroup;
			children = (
				B7006878CE48CC95611A9D94 /* src */,
			);
			name = ofxSortableList;
			sourceTree = "<group>";
		};
		04CC8AC17FD7E6D1BE69FB9C /* src */ = {
			isa = PBXGroup;
			children = (
				654312303DCC69B59603CFA1 /* matrix_funcs.h */,
				13F6D638F5246F6426128157 /* ofxApp.cpp */,
				AD4ED35C34C7716523E3F68E /* ofxApp.h */,
				57D9B46A6C79CBA14BA11339 /* ofxAppUtils.h */,
				097FCE1BD109D98ECB276D32 /* ofxBitmapString.h */,
				C544FD7B31B1AB7D56AEA53E /* ofxMovingAverage.h */,
				55B76645E4D8D78EFD4175AE /* ofxParticle.cpp */,
				EA11F25C2EEDD0CC8B994E63 /* ofxParticle.h */,
				B8171158AAAA0027520EEAF7 /* ofxParticleManager.h */,
				63730F5F8A1ABA6F5DB78E7B /* ofxQuadWarper.cpp */,
				0CD7E22B01780B878CDBA02D /* ofxQuadWarper.h */,
				FC7E9B4A22D8921421C51E3C /* ofxScene.cpp */,
				68D59562196FADBB3D4F19E3 /* ofxScene.h */,
				83527A3E3C29064BB9B26AC5 /* ofxSceneManager.cpp */,
				6BA8A23114597204D5C68767 /* ofxSceneManager.h */,
				917E84E4F57957F7A5BD76F7 /* ofxTimer.h */,
				75FF1054D5948D7EDDD30E44 /* ofxTransformer.cpp */,
				CFE9EE9D8E455627CEA7347F /* ofxTransformer.h */,
				BAC2843824B062FDEF5E0C62 /* ofxTransformPanel.cpp */,
				3EDF02B1992A99DCDEF640B4 /* ofxTransformPanel.h */,
			);
			name = src;
			sourceTree = "<group>";
		};
		545A41EA96119EBE7256C485 /* ofxAppUtils */ = {
			isa = PBXGroup;
			children = (
				04CC8AC17FD7E6D1BE69FB9C /* src */,
			);
			name = ofxAppUtils;
			sourceTree = "<group>";
		};
		62D271CDC67B01E941E96E5C /* containers */ = {
			isa = PBXGroup;
			children = (
				79FFCFC0C98F7EA1601EEC98 /* ofxGuiGroup.cpp */,
				124EE9F10F30A440237B0CB2 /* ofxGuiGroup.h */,
				4FACBD8A416E35A42666C290 /* ofxGuiPanel.cpp */,
				E7669656D1682C567E9B1708 /* ofxGuiPanel.h */,
				6427743BBF76D108B64AD4C0 /* ofxGuiSliderGroup.cpp */,
				1108D75E4CE76FF290CF7811 /* ofxGuiSliderGroup.h */,
				A965AA20E3EF2F1226464388 /* ofxGuiTabs.cpp */,
				0DCB96910A3B8D2DBBEA188B /* ofxGuiTabs.h */,
			);
			name = containers;
			sourceTree = "<group>";
		};
		6948EE371B920CB800B5AC1A /* local_addons */ = {
			isa = PBXGroup;
			children = (
			);
			name = local_addons;
			sourceTree = "<group>";
		};
		753071D81CF2B28E0061556A /* ofxAssets */ = {
			isa = PBXGroup;
			children = (
				753071D91CF2B28E0061556A /* src */,
			);
			name = ofxAssets;
			sourceTree = "<group>";
		};
		753071D91CF2B28E0061556A /* src */ = {
			isa = PBXGroup;
			children = (
				753071DA1CF2B28E0061556A /* ofxAssets */,
				753071E91CF2B28E0061556A /* ofxAssets.cpp */,
				753071EA1CF2B28E0061556A /* ofxAssets.h */,
			);
			name = src;
			path = ../../../addons/ofxAssets/src;
			sourceTree = "<group>";
		};
		753071DA1CF2B28E0061556A /* ofxAssets */ = {
			isa = PBXGroup;
			children = (
				753071DB1CF2B28E0061556A /* BaseAsset.cpp */,
				753071DC1CF2B28E0061556A /* BaseAsset.h */,
				753071DD1CF2B28E0061556A /* Font.cpp */,
				753071DE1CF2B28E0061556A /* Font.h */,
				753071DF1CF2B28E0061556A /* Image.cpp */,
				753071E01CF2B28E0061556A /* Image.h */,
				753071E11CF2B28E0061556A /* Register.cpp */,
				753071E21CF2B28E0061556A /* Register.h */,
				753071E31CF2B28E0061556A /* Set.cpp */,
				753071E41CF2B28E0061556A /* Set.h */,
				753071E51CF2B28E0061556A /* Shader.cpp */,
				753071E61CF2B28E0061556A /* Shader.h */,
				753071E71CF2B28E0061556A /* Sound.cpp */,
				753071E81CF2B28E0061556A /* Sound.h */,
			);
			path = ofxAssets;
			sourceTree = "<group>";
		};
		753071F31CF2B3CB0061556A /* scenes */ = {
			isa = PBXGroup;
			children = (
				753071F91CF2B3CB0061556A /* Scene05.h */,
				753071FA1CF2B3CB0061556A /* Scene06.h */,
				753071FC1CF2B3CB0061556A /* Scene08.h */,
				753071FD1CF2B3CB0061556A /* scenes.h */,
			);
			name = scenes;
			path = src/scenes;
			sourceTree = "<group>";
		};
		753072031CF2BA860061556A /* themes */ = {
			isa = PBXGroup;
			children = (
				753072041CF2BA860061556A /* theme_bleurgh.json */,
				753072051CF2BA860061556A /* theme_menu.json */,
			);
			name = themes;
			path = bin/data/assets/themes;
			sourceTree = "<group>";
		};
		AFF78A8EB1A778F89BAD1809 /* src */ = {
			isa = PBXGroup;
			children = (
				C5313A8CC477A5ECC0A7E4E8 /* BleachBypassPass.cpp */,
				0D811F3E1817C17351F97CCF /* BleachBypassPass.h */,
				D41ED8C8083845703AA1FDFA /* BloomPass.cpp */,
				B5CEF0B83529626C7E8410B7 /* BloomPass.h */,
				6788311DC7D945282047837A /* ContrastPass.cpp */,
				F98D3119B492CAFA65819DDA /* ContrastPass.h */,
				3AACD9661AF21261E24A05A4 /* ConvolutionPass.cpp */,
				044D4B2A1A607F88FEF2B610 /* ConvolutionPass.h */,
				91F91C3BEAD0B3C2B92BB9A5 /* DofAltPass.cpp */,
				EA2A13781712672758AFD432 /* DofAltPass.h */,
				E837DEBFAEA1CAD833A377DF /* DofPass.cpp */,
				0453A7C309E8AE8F8C1CC6E8 /* DofPass.h */,
				0AC8B4DE8CD341280FDE798A /* EdgePass.cpp */,
				0217829E621698E1FD8D9876 /* EdgePass.h */,
				C64B88209AF231B4FC8B4056 /* FakeSSSPass.cpp */,
				C69CBE4E4FA9530657A6CD23 /* FakeSSSPass.h */,
				9425843AEC3118B8FDEF1B0B /* FxaaPass.cpp */,
				49CAE27DC1D138037CF88ACF /* FxaaPass.h */,
				C07AAE715D8853EDA76BC909 /* GodRaysPass.cpp */,
				CC725CAE0A003458E5573DF9 /* GodRaysPass.h */,
				FAF7EF26FE0FF19EA6D9419D /* HorizontalTiltShifPass.cpp */,
				3C39EA8CB1911093FD56F9ED /* HorizontalTiltShifPass.h */,
				3F8A1741CC4F784D8B130531 /* HsbShiftPass.cpp */,
				DEF2C306ED271A94AC33B144 /* HsbShiftPass.h */,
				108C4DB0C398388D00027091 /* KaleidoscopePass.cpp */,
				50800DAB6C4B18E4F92166FC /* KaleidoscopePass.h */,
				9222AE2464AE1CF72876A4ED /* LimbDarkeningPass.cpp */,
				6AF187A99EECFB13E3BCCD33 /* LimbDarkeningPass.h */,
				F171898BD12F77CCAD29B7C1 /* LUTPass.cpp */,
				9AACF31BAE533E8F81AD4043 /* LUTPass.h */,
				5BC56A60E911F7488A58830A /* NoiseWarpPass.cpp */,
				F9E69702DE151AD76690D1CF /* NoiseWarpPass.h */,
				48E4AC9F455A87F0448C70B2 /* ofxPostProcessing.h */,
				7462D018F6D6E407E598A021 /* PixelatePass.cpp */,
				B2F3289AB405C5BB496FC247 /* PixelatePass.h */,
				484F662699DFE8176E1B750F /* PostProcessing.cpp */,
				DACACDF2F37260A0BFF826E2 /* PostProcessing.h */,
				54F36382628E4D0FF07206D7 /* RenderPass.cpp */,
				F5DB1AC24B8010FC3C556AAC /* RenderPass.h */,
				5201F6A7A19258B7F1CA2E43 /* RGBShiftPass.cpp */,
				0BC82FF9BACF54030E42E808 /* RGBShiftPass.h */,
				74BDDD14F49833AD24862E87 /* RimHighlightingPass.cpp */,
				E84ADD8443D82E35430385B7 /* RimHighlightingPass.h */,
				C127DCF305861E6D5D6332E6 /* SSAOPass.cpp */,
				6BBE5C9251660EA96B398017 /* SSAOPass.h */,
				E547AB568F5E5027A880C47C /* ToonPass.cpp */,
				14F8B4286F653202B881D865 /* ToonPass.h */,
				2C2B73DCDAF417A486A343EF /* VerticalTiltShifPass.cpp */,
				2BE782D7AEC00E59BE1F567F /* VerticalTiltShifPass.h */,
				EF8D27B3DEDC121DE85F5B7B /* ZoomBlurPass.cpp */,
				BAA4E229C246D7B615917505 /* ZoomBlurPass.h */,
			);
			name = src;
			sourceTree = "<group>";
		};
		B7006878CE48CC95611A9D94 /* src */ = {
			isa = PBXGroup;
			children = (
				492D1821296BC265DAAC6696 /* ofxSortableList.cpp */,
				F6014C1578E15BEBDF8ED306 /* ofxSortableList.h */,
			);
			name = src;
			sourceTree = "<group>";
		};
		BB4B014C10F69532006C3DED /* addons */ = {
			isa = PBXGroup;
			children = (
				545A41EA96119EBE7256C485 /* ofxAppUtils */,
				DFCCF8BDC58AFA44D27F9F11 /* ofxGuiExtended */,
				BD52EC6DCE402D90869A80A1 /* ofxPostProcessing */,
				00AB454634C1C6F9AC86FDB3 /* ofxSortableList */,
				753071D81CF2B28E0061556A /* ofxAssets */,
			);
			name = addons;
			sourceTree = "<group>";
		};
		BD52EC6DCE402D90869A80A1 /* ofxPostProcessing */ = {
			isa = PBXGroup;
			children = (
				AFF78A8EB1A778F89BAD1809 /* src */,
			);
			name = ofxPostProcessing;
			sourceTree = "<group>";
		};
		DFCCF8BDC58AFA44D27F9F11 /* ofxGuiExtended */ = {
			isa = PBXGroup;
			children = (
				FF557B38E74FD99053AD7E34 /* src */,
			);
			name = ofxGuiExtended;
			sourceTree = "<group>";
		};
		E20840E800A52DE172108EC3 /* view */ = {
			isa = PBXGroup;
			children = (
				76E32752CACF8184012D5743 /* JsonConfigParser.cpp */,
				B16A374FF9F7B4C5B4609E0A /* JsonConfigParser.h */,
				2C65378F473DCFF80F18CBA5 /* ofxDOMBoxLayout.cpp */,
				8C31FA0FC99249CD4DEE3F7B /* ofxDOMBoxLayout.h */,
				0C6B470081D3D460F656E837 /* ofxDOMFlexBoxLayout.cpp */,
				6F2E99AF858BD4605F4C2353 /* ofxDOMFlexBoxLayout.h */,
				A68BD8D2A1700BF2D8F776B7 /* ofxDOMLayoutHelper.cpp */,
				FA2D677A6EFF993302049105 /* ofxDOMLayoutHelper.h */,
				3CBBF694C461A82A575E5F4C /* ofxGuiDefaultConfig.h */,
			);
			name = view;
			sourceTree = "<group>";
		};
		E4328144138ABC890047C5CB /* Products */ = {
			isa = PBXGroup;
			children = (
				E4328148138ABC890047C5CB /* openFrameworksDebug.a */,
			);
			name = Products;
			sourceTree = "<group>";
		};
		E4B69B4A0A3A1720003C02F2 = {
			isa = PBXGroup;
			children = (
				E4B6FCAD0C3E899E008CF71C /* openFrameworks-Info.plist */,
				E4EB6923138AFD0F00A09F29 /* Project.xcconfig */,
				E4B69E1C0A3A1BDC003C02F2 /* src */,
				753072031CF2BA860061556A /* themes */,
				753071F31CF2B3CB0061556A /* scenes */,
				E4EEC9E9138DF44700A80321 /* openFrameworks */,
				BB4B014C10F69532006C3DED /* addons */,
				6948EE371B920CB800B5AC1A /* local_addons */,
				E4B69B5B0A3A1756003C02F2 /* deBugDebug.app */,
			);
			sourceTree = "<group>";
		};
		E4B69E1C0A3A1BDC003C02F2 /* src */ = {
			isa = PBXGroup;
			children = (
				E4B69E1D0A3A1BDC003C02F2 /* main.cpp */,
				E4B69E1E0A3A1BDC003C02F2 /* ofApp.cpp */,
				E4B69E1F0A3A1BDC003C02F2 /* ofApp.h */,
			);
			path = src;
			sourceTree = SOURCE_ROOT;
		};
		E4EEC9E9138DF44700A80321 /* openFrameworks */ = {
			isa = PBXGroup;
			children = (
				E4EB691F138AFCF100A09F29 /* CoreOF.xcconfig */,
				E4328143138ABC890047C5CB /* openFrameworksLib.xcodeproj */,
			);
			name = openFrameworks;
			sourceTree = "<group>";
		};
		F0AD07976D10BFA469C92DAA /* controls */ = {
			isa = PBXGroup;
			children = (
				3CDB98FDF8C3BFD666AD3B72 /* ofxGuiButton.cpp */,
				DD3A5FE1F4889595B0F90B55 /* ofxGuiButton.h */,
				0EACB1FD3730B7AC4472B6FF /* ofxGuiFpsPlotter.cpp */,
				E98EAA801ED4C312AFBFE56A /* ofxGuiFpsPlotter.h */,
				950B86B6711F3EE2FB964C32 /* ofxGuiFunctionPlotter.cpp */,
				09D8BD1E4337EAE9C8DDE0B3 /* ofxGuiFunctionPlotter.h */,
				508D15A543715E9E0BAB61A8 /* ofxGuiGraphics.cpp */,
				A7833EF7608C5DA1AB84BE8E /* ofxGuiGraphics.h */,
				DA2BCEF495EF00E1B455B1F6 /* ofxGuiInputField.cpp */,
				AE603E0BACE98CB9A24BAE62 /* ofxGuiInputField.h */,
				F9E4BC31293B5855C601FB91 /* ofxGuiLabel.cpp */,
				A3BDD97E9CCE9A2675DDC615 /* ofxGuiLabel.h */,
				6478A0882AE2B72C38FD01D9 /* ofxGuiSlider.cpp */,
				B7E2BD918BE2FCE09352C3F7 /* ofxGuiSlider.h */,
				2333F33018FC9FEF0A7F8C15 /* ofxGuiToggle.cpp */,
				F07695D62846CC2B3E7CE30C /* ofxGuiToggle.h */,
				8207B315A28488595D2D415C /* ofxGuiValuePlotter.cpp */,
				5C019895B6F1C30124969338 /* ofxGuiValuePlotter.h */,
				8442D8A7A7F11B5548BE3FB1 /* ofxGuiZoomableGraphics.cpp */,
				B27F4BAD65DEA520991E7564 /* ofxGuiZoomableGraphics.h */,
			);
			name = controls;
			sourceTree = "<group>";
		};
		FAC1F59EC310A57E00CB01E1 /* DOM */ = {
			isa = PBXGroup;
			children = (
				AB1ADF157B95D309C00861D2 /* Document.cpp */,
				FF6725DDE1565D12CF840B96 /* Document.h */,
				7A4B52B532EA74539045A6EF /* Element.cpp */,
				F0E85E664C7587AAB23E59EC /* Element.h */,
				D809EF33AADE8DB85D9F4266 /* Events.cpp */,
				E97FA420B7F07E1F8349B259 /* Events.h */,
				35DDC9D7877887B9D23690A4 /* EventTarget.h */,
				6ADDE1301DB5AECBEF5B21E5 /* Exceptions.cpp */,
				FCBAE8C2819BF51E60DC747C /* Exceptions.h */,
				03641A2ED721246DEBE48BB6 /* Layout.cpp */,
				8837A42AB627209C464ED1CB /* Layout.h */,
				16164C667C5E34D21437C58C /* ofxDOM.h */,
				F6D7BAB1E6F21D1BF7F843CE /* Types.h */,
			);
			name = DOM;
			sourceTree = "<group>";
		};
		FF557B38E74FD99053AD7E34 /* src */ = {
			isa = PBXGroup;
			children = (
				62D271CDC67B01E941E96E5C /* containers */,
				F0AD07976D10BFA469C92DAA /* controls */,
				FAC1F59EC310A57E00CB01E1 /* DOM */,
				CA5E3F253E83EA27E447A2A8 /* ofxGuiElement.cpp */,
				19EE80119674857FAB42C842 /* ofxGuiElement.h */,
				213B40B085C2FDC6D03B33B1 /* ofxGuiExtended.cpp */,
				8F51CAC697C66C42538187D1 /* ofxGuiExtended.h */,
				E20840E800A52DE172108EC3 /* view */,
			);
			name = src;
			sourceTree = "<group>";
		};
/* End PBXGroup section */

/* Begin PBXNativeTarget section */
		E4B69B5A0A3A1756003C02F2 /* deBug */ = {
			isa = PBXNativeTarget;
			buildConfigurationList = E4B69B5F0A3A1757003C02F2 /* Build configuration list for PBXNativeTarget "deBug" */;
			buildPhases = (
				E4B69B580A3A1756003C02F2 /* Sources */,
				E4B69B590A3A1756003C02F2 /* Frameworks */,
				E4B6FFFD0C3F9AB9008CF71C /* ShellScript */,
				E4C2427710CC5ABF004149E2 /* CopyFiles */,
				8466F1851C04CA0E00918B1C /* ShellScript */,
			);
			buildRules = (
			);
			dependencies = (
				E4EEB9AC138B136A00A80321 /* PBXTargetDependency */,
			);
			name = deBug;
			productName = myOFApp;
			productReference = E4B69B5B0A3A1756003C02F2 /* deBugDebug.app */;
			productType = "com.apple.product-type.application";
		};
/* End PBXNativeTarget section */

/* Begin PBXProject section */
		E4B69B4C0A3A1720003C02F2 /* Project object */ = {
			isa = PBXProject;
			attributes = {
				LastUpgradeCheck = 0730;
			};
			buildConfigurationList = E4B69B4D0A3A1720003C02F2 /* Build configuration list for PBXProject "deBug" */;
			compatibilityVersion = "Xcode 3.2";
			developmentRegion = English;
			hasScannedForEncodings = 0;
			knownRegions = (
				English,
				Japanese,
				French,
				German,
			);
			mainGroup = E4B69B4A0A3A1720003C02F2;
			productRefGroup = E4B69B4A0A3A1720003C02F2;
			projectDirPath = "";
			projectReferences = (
				{
					ProductGroup = E4328144138ABC890047C5CB /* Products */;
					ProjectRef = E4328143138ABC890047C5CB /* openFrameworksLib.xcodeproj */;
				},
			);
			projectRoot = "";
			targets = (
				E4B69B5A0A3A1756003C02F2 /* deBug */,
			);
		};
/* End PBXProject section */

/* Begin PBXReferenceProxy section */
		E4328148138ABC890047C5CB /* openFrameworksDebug.a */ = {
			isa = PBXReferenceProxy;
			fileType = archive.ar;
			path = openFrameworksDebug.a;
			remoteRef = E4328147138ABC890047C5CB /* PBXContainerItemProxy */;
			sourceTree = BUILT_PRODUCTS_DIR;
		};
/* End PBXReferenceProxy section */

/* Begin PBXShellScriptBuildPhase section */
		8466F1851C04CA0E00918B1C /* ShellScript */ = {
			isa = PBXShellScriptBuildPhase;
			buildActionMask = 12;
			files = (
			);
			inputPaths = (
			);
			outputPaths = (
			);
			runOnlyForDeploymentPostprocessing = 0;
			shellPath = /bin/sh;
			shellScript = "echo \"$GCC_PREPROCESSOR_DEFINITIONS\";\nAPPSTORE=`expr \"$GCC_PREPROCESSOR_DEFINITIONS\" : \".*APPSTORE=\\([0-9]*\\)\"`\nif [ -z \"$APPSTORE\" ] ; then\necho \"Note: Not copying bin/data to App Package or doing App Code signing. Use AppStore target for AppStore distribution\";\nelse\n# Copy bin/data into App/Resources\nrsync -avz --exclude='.DS_Store' \"${SRCROOT}/bin/data/\" \"${TARGET_BUILD_DIR}/${UNLOCALIZED_RESOURCES_FOLDER_PATH}/data/\"\n\n# ---- Code Sign App Package ----\n \n# WARNING: You may have to run Clean in Xcode after changing CODE_SIGN_IDENTITY!\n\n# Verify that $CODE_SIGN_IDENTITY is set\nif [ -z \"${CODE_SIGN_IDENTITY}\" ] ; then\necho \"CODE_SIGN_IDENTITY needs to be set for framework code-signing\"\nexit 0\nfi\n\nif [ -z \"${CODE_SIGN_ENTITLEMENTS}\" ] ; then\necho \"CODE_SIGN_ENTITLEMENTS needs to be set for framework code-signing!\"\n\nif [ \"${CONFIGURATION}\" = \"Release\" ] ; then\nexit 1\nelse\n# Code-signing is optional for non-release builds.\nexit 0\nfi\nfi\n\nITEMS=\"\"\n\nFRAMEWORKS_DIR=\"${TARGET_BUILD_DIR}/${FRAMEWORKS_FOLDER_PATH}\"\necho \"$FRAMEWORKS_DIR\"\nif [ -d \"$FRAMEWORKS_DIR\" ] ; then\nFRAMEWORKS=$(find \"${FRAMEWORKS_DIR}\" -depth -type d -name \"*.framework\" -or -name \"*.dylib\" -or -name \"*.bundle\" | sed -e \"s/\\(.*framework\\)/\\1\\/Versions\\/A\\//\")\nRESULT=$?\nif [[ $RESULT != 0 ]] ; then\nexit 1\nfi\n\nITEMS=\"${FRAMEWORKS}\"\nfi\n\nLOGINITEMS_DIR=\"${TARGET_BUILD_DIR}/${CONTENTS_FOLDER_PATH}/Library/LoginItems/\"\nif [ -d \"$LOGINITEMS_DIR\" ] ; then\nLOGINITEMS=$(find \"${LOGINITEMS_DIR}\" -depth -type d -name \"*.app\")\nRESULT=$?\nif [[ $RESULT != 0 ]] ; then\nexit 1\nfi\n\nITEMS=\"${ITEMS}\"$'\\n'\"${LOGINITEMS}\"\nfi\n\n# Prefer the expanded name, if available.\nCODE_SIGN_IDENTITY_FOR_ITEMS=\"${EXPANDED_CODE_SIGN_IDENTITY_NAME}\"\nif [ \"${CODE_SIGN_IDENTITY_FOR_ITEMS}\" = \"\" ] ; then\n# Fall back to old behavior.\nCODE_SIGN_IDENTITY_FOR_ITEMS=\"${CODE_SIGN_IDENTITY}\"\nfi\n\necho \"Identity:\"\necho \"${CODE_SIGN_IDENTITY_FOR_ITEMS}\"\n\necho \"Entitlements:\"\necho \"${CODE_SIGN_ENTITLEMENTS}\"\n\necho \"Found:\"\necho \"${ITEMS}\"\n\n# Change the Internal Field Separator (IFS) so that spaces in paths will not cause problems below.\nSAVED_IFS=$IFS\nIFS=$(echo -en \"\\n\\b\")\n\n# Loop through all items.\nfor ITEM in $ITEMS;\ndo\necho \"Signing '${ITEM}'\"\ncodesign --force --verbose --sign \"${CODE_SIGN_IDENTITY_FOR_ITEMS}\" --entitlements \"${CODE_SIGN_ENTITLEMENTS}\" \"${ITEM}\"\nRESULT=$?\nif [[ $RESULT != 0 ]] ; then\necho \"Failed to sign '${ITEM}'.\"\nIFS=$SAVED_IFS\nexit 1\nfi\ndone\n\n# Restore $IFS.\nIFS=$SAVED_IFS\n\nfi\n";
		};
		E4B6FFFD0C3F9AB9008CF71C /* ShellScript */ = {
			isa = PBXShellScriptBuildPhase;
			buildActionMask = 2147483647;
			files = (
			);
			inputPaths = (
			);
			outputPaths = (
			);
			runOnlyForDeploymentPostprocessing = 0;
			shellPath = /bin/sh;
			shellScript = "mkdir -p \"$TARGET_BUILD_DIR/$PRODUCT_NAME.app/Contents/Resources/\"\n# Copy default icon file into App/Resources\nrsync -aved \"$ICON_FILE\" \"$TARGET_BUILD_DIR/$PRODUCT_NAME.app/Contents/Resources/\"\n# Copy libfmod and change install directory for fmod to run\nrsync -aved ../../../libs/fmodex/lib/osx/libfmodex.dylib \"$TARGET_BUILD_DIR/$PRODUCT_NAME.app/Contents/Frameworks/\";\ninstall_name_tool -change @executable_path/libfmodex.dylib @executable_path/../Frameworks/libfmodex.dylib \"$TARGET_BUILD_DIR/$PRODUCT_NAME.app/Contents/MacOS/$PRODUCT_NAME\";\n\necho \"$GCC_PREPROCESSOR_DEFINITIONS\";\nAPPSTORE=`expr \"$GCC_PREPROCESSOR_DEFINITIONS\" : \".*APPSTORE=\\([0-9]*\\)\"`\nif [ -z \"${APPSTORE}\" ] ; then\necho \"Copying GLUT framework\";\n# Copy GLUT framework (must remove for AppStore submissions)\nrsync -aved ../../../libs/glut/lib/osx/GLUT.framework \"$TARGET_BUILD_DIR/$PRODUCT_NAME.app/Contents/Frameworks/\"\nelse\necho \"Not including GLUT\";\nfi\n";
		};
/* End PBXShellScriptBuildPhase section */

/* Begin PBXSourcesBuildPhase section */
		E4B69B580A3A1756003C02F2 /* Sources */ = {
			isa = PBXSourcesBuildPhase;
			buildActionMask = 2147483647;
			files = (
				E4B69E200A3A1BDC003C02F2 /* main.cpp in Sources */,
				E4B69E210A3A1BDC003C02F2 /* ofApp.cpp in Sources */,
				753071EE1CF2B28E0061556A /* Register.cpp in Sources */,
				E82EBA1255FE3AC639FCA904 /* ofxApp.cpp in Sources */,
				57178B2F9865D0F7A2408D49 /* ofxParticle.cpp in Sources */,
				D8C70DB2BC6120D71EBF23DC /* ofxQuadWarper.cpp in Sources */,
				7F587E2192AA95C424BF91AB /* ofxScene.cpp in Sources */,
				EAC9F547A30B052D9752D4CC /* ofxSceneManager.cpp in Sources */,
				5F9A42BB0D0E7BE2A7F62FDB /* ofxTransformer.cpp in Sources */,
				235F650AC06759134BAA7849 /* ofxTransformPanel.cpp in Sources */,
				753071EF1CF2B28E0061556A /* Set.cpp in Sources */,
				430300F687323CE1F5D14062 /* ofxGuiGroup.cpp in Sources */,
				ED28C29028FC6EC7B05354E7 /* ofxGuiPanel.cpp in Sources */,
				3C8DAD7A64F6347D7021518E /* ofxGuiSliderGroup.cpp in Sources */,
				D1F07B0CD403BD9B4A42B691 /* ofxGuiTabs.cpp in Sources */,
				8DE52B72CB62786CAB8233F7 /* ofxGuiButton.cpp in Sources */,
				4524F366BF3EEC2EFC12B68F /* ofxGuiFpsPlotter.cpp in Sources */,
				F2DE26B77052C57086C4C69B /* ofxGuiFunctionPlotter.cpp in Sources */,
				7CEBB18388F905779AB54F80 /* ofxGuiGraphics.cpp in Sources */,
				F632072F6E6313CD75B4B70F /* ofxGuiInputField.cpp in Sources */,
				7A22364A34D38C91D859D354 /* ofxGuiLabel.cpp in Sources */,
				7AB003C531E50666511A7982 /* ofxGuiSlider.cpp in Sources */,
				5DF76B748ED2393A56E6914F /* ofxGuiToggle.cpp in Sources */,
				03CD6A4243F666D36FA8F868 /* ofxGuiValuePlotter.cpp in Sources */,
				96D881793A465B099189E933 /* ofxGuiZoomableGraphics.cpp in Sources */,
				C688DEE8EC1EFF0A266883D3 /* Document.cpp in Sources */,
				753071EC1CF2B28E0061556A /* Font.cpp in Sources */,
				D8C5E586C319057792A7D92E /* Element.cpp in Sources */,
				FAB5D5A57D66F2406B4066CE /* Events.cpp in Sources */,
				1E47EA1A0575BB8C39BB0E96 /* Exceptions.cpp in Sources */,
				1E8A4D9D2831059ADAC237E1 /* Layout.cpp in Sources */,
				792274FFC375D4C8CFEE755F /* ofxGuiElement.cpp in Sources */,
				5C0FDE412DD777CB0A2BCB2D /* ofxGuiExtended.cpp in Sources */,
				08127807991AB0BB4BC8C75F /* JsonConfigParser.cpp in Sources */,
				3E7DD42BFE1A6D10F6481124 /* ofxDOMBoxLayout.cpp in Sources */,
				4EA4D975B78D41287C17E8B0 /* ofxDOMFlexBoxLayout.cpp in Sources */,
				6A28C9A4457912691EF73C5A /* ofxDOMLayoutHelper.cpp in Sources */,
				79308B05C4D0A9B9E404FFED /* BleachBypassPass.cpp in Sources */,
				3A499904889C490DCF533C6E /* BloomPass.cpp in Sources */,
				DFB75F1EBE744A456AC999F4 /* ContrastPass.cpp in Sources */,
				753071F01CF2B28E0061556A /* Shader.cpp in Sources */,
				778DCA6792476E5B9F57F175 /* ConvolutionPass.cpp in Sources */,
				753071F21CF2B28E0061556A /* ofxAssets.cpp in Sources */,
				753071F11CF2B28E0061556A /* Sound.cpp in Sources */,
				B58A80B21A55E254F48E6E13 /* DofAltPass.cpp in Sources */,
				114C00B13F753E59BB0984BB /* DofPass.cpp in Sources */,
				AE65C02FEC934514466A8D67 /* EdgePass.cpp in Sources */,
				33DB731E964056D7E35604A7 /* FakeSSSPass.cpp in Sources */,
				04C13EEA813A786CC1D8137A /* FxaaPass.cpp in Sources */,
				6A505EAE8088949A9180FFE7 /* GodRaysPass.cpp in Sources */,
				28AFD6FA9B9C885AFD9FF1C7 /* HorizontalTiltShifPass.cpp in Sources */,
				B59194C82B8D802DA33EC465 /* HsbShiftPass.cpp in Sources */,
				884CB4D049E35C51E949A565 /* KaleidoscopePass.cpp in Sources */,
				7AB51F1099DC01486D18FAF6 /* LimbDarkeningPass.cpp in Sources */,
				B1747F12881D899DCA2647FC /* LUTPass.cpp in Sources */,
				8072A86E35F7000F7CDEEF42 /* NoiseWarpPass.cpp in Sources */,
				B951AAE35209993B4E399E77 /* PixelatePass.cpp in Sources */,
				BE5ED1FDB18D5092CF3AACA0 /* PostProcessing.cpp in Sources */,
				1E615236D6D182DED6C8A8B2 /* RenderPass.cpp in Sources */,
				E4797F1786BE22985F7EE55F /* RGBShiftPass.cpp in Sources */,
				753071EB1CF2B28E0061556A /* BaseAsset.cpp in Sources */,
				4A2B684DF41F7779B2947319 /* RimHighlightingPass.cpp in Sources */,
				4355FD81C3F9DDE40B10CE94 /* SSAOPass.cpp in Sources */,
				813E52BD790CE4AAF527DCD4 /* ToonPass.cpp in Sources */,
				898CB0955CB42FEB5D750A5C /* VerticalTiltShifPass.cpp in Sources */,
				753071ED1CF2B28E0061556A /* Image.cpp in Sources */,
				D752EB8BA905C25F5E7F2B30 /* ZoomBlurPass.cpp in Sources */,
				FBEC4F66DE4E4D6ADB661F37 /* ofxSortableList.cpp in Sources */,
			);
			runOnlyForDeploymentPostprocessing = 0;
		};
/* End PBXSourcesBuildPhase section */

/* Begin PBXTargetDependency section */
		E4EEB9AC138B136A00A80321 /* PBXTargetDependency */ = {
			isa = PBXTargetDependency;
			name = openFrameworks;
			targetProxy = E4EEB9AB138B136A00A80321 /* PBXContainerItemProxy */;
		};
/* End PBXTargetDependency section */

/* Begin XCBuildConfiguration section */
		99FA3DBB1C7456C400CFA0EE /* AppStore */ = {
			isa = XCBuildConfiguration;
			baseConfigurationReference = E4EB6923138AFD0F00A09F29 /* Project.xcconfig */;
			buildSettings = {
				CONFIGURATION_BUILD_DIR = "$(SRCROOT)/bin/";
				COPY_PHASE_STRIP = YES;
				DEAD_CODE_STRIPPING = YES;
				GCC_AUTO_VECTORIZATION = YES;
				GCC_ENABLE_SSE3_EXTENSIONS = YES;
				GCC_ENABLE_SUPPLEMENTAL_SSE3_INSTRUCTIONS = YES;
				GCC_INLINES_ARE_PRIVATE_EXTERN = NO;
				GCC_OPTIMIZATION_LEVEL = 3;
				"GCC_PREPROCESSOR_DEFINITIONS[arch=*]" = "DISTRIBUTION=1";
				GCC_SYMBOLS_PRIVATE_EXTERN = NO;
				GCC_UNROLL_LOOPS = YES;
				GCC_WARN_ABOUT_DEPRECATED_FUNCTIONS = YES;
				GCC_WARN_ABOUT_INVALID_OFFSETOF_MACRO = NO;
				GCC_WARN_ALLOW_INCOMPLETE_PROTOCOL = NO;
				GCC_WARN_UNINITIALIZED_AUTOS = NO;
				GCC_WARN_UNUSED_VALUE = NO;
				GCC_WARN_UNUSED_VARIABLE = NO;
				HEADER_SEARCH_PATHS = (
					"$(OF_CORE_HEADERS)",
					../../../addons/ofxAppUtils/src,
					../../../addons/ofxGuiExtended/src,
					../../../addons/ofxGuiExtended/src/DOM,
					../../../addons/ofxGuiExtended/src/containers,
					../../../addons/ofxGuiExtended/src/controls,
					../../../addons/ofxGuiExtended/src/view,
					../../../addons/ofxPostProcessing/src,
					../../../addons/ofxSortableList/src,
				);
				MACOSX_DEPLOYMENT_TARGET = 10.8;
				OTHER_CPLUSPLUSFLAGS = (
					"-D__MACOSX_CORE__",
					"-mtune=native",
				);
				SDKROOT = macosx;
			};
			name = AppStore;
		};
		99FA3DBC1C7456C400CFA0EE /* AppStore */ = {
			isa = XCBuildConfiguration;
			baseConfigurationReference = E4EB6923138AFD0F00A09F29 /* Project.xcconfig */;
			buildSettings = {
				COMBINE_HIDPI_IMAGES = YES;
				COPY_PHASE_STRIP = YES;
				FRAMEWORK_SEARCH_PATHS = (
					"$(inherited)",
					"$(FRAMEWORK_SEARCH_PATHS_QUOTED_FOR_TARGET_1)",
				);
				FRAMEWORK_SEARCH_PATHS_QUOTED_FOR_TARGET_1 = "\"$(SRCROOT)/../../../libs/glut/lib/osx\"";
				GCC_GENERATE_DEBUGGING_SYMBOLS = YES;
				GCC_MODEL_TUNING = NONE;
				"GCC_PREPROCESSOR_DEFINITIONS[arch=*]" = "APPSTORE=1";
				HEADER_SEARCH_PATHS = (
					"$(OF_CORE_HEADERS)",
					../../../addons/ofxAppUtils/src,
					../../../addons/ofxGuiExtended/src,
					../../../addons/ofxGuiExtended/src/DOM,
					../../../addons/ofxGuiExtended/src/containers,
					../../../addons/ofxGuiExtended/src/controls,
					../../../addons/ofxGuiExtended/src/view,
					../../../addons/ofxPostProcessing/src,
					../../../addons/ofxSortableList/src,
				);
				ICON = "$(ICON_NAME_RELEASE)";
				ICON_FILE = "$(ICON_FILE_PATH)$(ICON)";
				INFOPLIST_FILE = "openFrameworks-Info.plist";
				INSTALL_PATH = /Applications;
				LIBRARY_SEARCH_PATHS = "$(inherited)";
				PRODUCT_BUNDLE_IDENTIFIER = cc.openFrameworks.ofapp;
				PRODUCT_NAME = "$(TARGET_NAME)";
				USER_HEADER_SEARCH_PATHS = "";
				WRAPPER_EXTENSION = app;
				baseConfigurationReference = E4EB6923138AFD0F00A09F29;
			};
			name = AppStore;
		};
		E4B69B4E0A3A1720003C02F2 /* Debug */ = {
			isa = XCBuildConfiguration;
			baseConfigurationReference = E4EB6923138AFD0F00A09F29 /* Project.xcconfig */;
			buildSettings = {
				CONFIGURATION_BUILD_DIR = "$(SRCROOT)/bin/";
				COPY_PHASE_STRIP = NO;
				DEAD_CODE_STRIPPING = YES;
				ENABLE_TESTABILITY = YES;
				GCC_AUTO_VECTORIZATION = YES;
				GCC_ENABLE_SSE3_EXTENSIONS = YES;
				GCC_ENABLE_SUPPLEMENTAL_SSE3_INSTRUCTIONS = YES;
				GCC_INLINES_ARE_PRIVATE_EXTERN = NO;
				GCC_OPTIMIZATION_LEVEL = 0;
				GCC_SYMBOLS_PRIVATE_EXTERN = NO;
				GCC_WARN_ABOUT_DEPRECATED_FUNCTIONS = YES;
				GCC_WARN_ABOUT_INVALID_OFFSETOF_MACRO = NO;
				GCC_WARN_ALLOW_INCOMPLETE_PROTOCOL = NO;
				GCC_WARN_UNINITIALIZED_AUTOS = NO;
				GCC_WARN_UNUSED_VALUE = NO;
				GCC_WARN_UNUSED_VARIABLE = NO;
				HEADER_SEARCH_PATHS = (
					"$(OF_CORE_HEADERS)",
					../../../addons/ofxAppUtils/src,
					../../../addons/ofxGuiExtended/src,
					../../../addons/ofxGuiExtended/src/DOM,
					../../../addons/ofxGuiExtended/src/containers,
					../../../addons/ofxGuiExtended/src/controls,
					../../../addons/ofxGuiExtended/src/view,
					../../../addons/ofxPostProcessing/src,
					../../../addons/ofxSortableList/src,
				);
				MACOSX_DEPLOYMENT_TARGET = 10.8;
				ONLY_ACTIVE_ARCH = YES;
				OTHER_CPLUSPLUSFLAGS = (
					"-D__MACOSX_CORE__",
					"-mtune=native",
				);
				SDKROOT = macosx;
			};
			name = Debug;
		};
		E4B69B4F0A3A1720003C02F2 /* Release */ = {
			isa = XCBuildConfiguration;
			baseConfigurationReference = E4EB6923138AFD0F00A09F29 /* Project.xcconfig */;
			buildSettings = {
				CONFIGURATION_BUILD_DIR = "$(SRCROOT)/bin/";
				COPY_PHASE_STRIP = YES;
				DEAD_CODE_STRIPPING = YES;
				GCC_AUTO_VECTORIZATION = YES;
				GCC_ENABLE_SSE3_EXTENSIONS = YES;
				GCC_ENABLE_SUPPLEMENTAL_SSE3_INSTRUCTIONS = YES;
				GCC_INLINES_ARE_PRIVATE_EXTERN = NO;
				GCC_OPTIMIZATION_LEVEL = 3;
				GCC_SYMBOLS_PRIVATE_EXTERN = NO;
				GCC_UNROLL_LOOPS = YES;
				GCC_WARN_ABOUT_DEPRECATED_FUNCTIONS = YES;
				GCC_WARN_ABOUT_INVALID_OFFSETOF_MACRO = NO;
				GCC_WARN_ALLOW_INCOMPLETE_PROTOCOL = NO;
				GCC_WARN_UNINITIALIZED_AUTOS = NO;
				GCC_WARN_UNUSED_VALUE = NO;
				GCC_WARN_UNUSED_VARIABLE = NO;
				HEADER_SEARCH_PATHS = (
					"$(OF_CORE_HEADERS)",
					../../../addons/ofxAppUtils/src,
					../../../addons/ofxGuiExtended/src,
					../../../addons/ofxGuiExtended/src/DOM,
					../../../addons/ofxGuiExtended/src/containers,
					../../../addons/ofxGuiExtended/src/controls,
					../../../addons/ofxGuiExtended/src/view,
					../../../addons/ofxPostProcessing/src,
					../../../addons/ofxSortableList/src,
				);
				MACOSX_DEPLOYMENT_TARGET = 10.8;
				OTHER_CPLUSPLUSFLAGS = (
					"-D__MACOSX_CORE__",
					"-mtune=native",
				);
				SDKROOT = macosx;
			};
			name = Release;
		};
		E4B69B600A3A1757003C02F2 /* Debug */ = {
			isa = XCBuildConfiguration;
			baseConfigurationReference = E4EB6923138AFD0F00A09F29 /* Project.xcconfig */;
			buildSettings = {
				COMBINE_HIDPI_IMAGES = YES;
				COPY_PHASE_STRIP = NO;
				FRAMEWORK_SEARCH_PATHS = (
					"$(inherited)",
					"$(FRAMEWORK_SEARCH_PATHS_QUOTED_FOR_TARGET_1)",
				);
				FRAMEWORK_SEARCH_PATHS_QUOTED_FOR_TARGET_1 = "\"$(SRCROOT)/../../../libs/glut/lib/osx\"";
				GCC_DYNAMIC_NO_PIC = NO;
				GCC_GENERATE_DEBUGGING_SYMBOLS = YES;
				GCC_MODEL_TUNING = NONE;
				HEADER_SEARCH_PATHS = (
					"$(OF_CORE_HEADERS)",
					../../../addons/ofxAppUtils/src,
					../../../addons/ofxGuiExtended/src,
					../../../addons/ofxGuiExtended/src/DOM,
					../../../addons/ofxGuiExtended/src/containers,
					../../../addons/ofxGuiExtended/src/controls,
					../../../addons/ofxGuiExtended/src/view,
					../../../addons/ofxPostProcessing/src,
					../../../addons/ofxSortableList/src,
				);
				ICON = "$(ICON_NAME_DEBUG)";
				ICON_FILE = "$(ICON_FILE_PATH)$(ICON)";
				INFOPLIST_FILE = "openFrameworks-Info.plist";
				INSTALL_PATH = /Applications;
				LIBRARY_SEARCH_PATHS = "$(inherited)";
				PRODUCT_BUNDLE_IDENTIFIER = cc.openFrameworks.ofapp;
				PRODUCT_NAME = "$(TARGET_NAME)Debug";
				USER_HEADER_SEARCH_PATHS = "";
				WRAPPER_EXTENSION = app;
			};
			name = Debug;
		};
		E4B69B610A3A1757003C02F2 /* Release */ = {
			isa = XCBuildConfiguration;
			baseConfigurationReference = E4EB6923138AFD0F00A09F29 /* Project.xcconfig */;
			buildSettings = {
				COMBINE_HIDPI_IMAGES = YES;
				COPY_PHASE_STRIP = YES;
				FRAMEWORK_SEARCH_PATHS = (
					"$(inherited)",
					"$(FRAMEWORK_SEARCH_PATHS_QUOTED_FOR_TARGET_1)",
				);
				FRAMEWORK_SEARCH_PATHS_QUOTED_FOR_TARGET_1 = "\"$(SRCROOT)/../../../libs/glut/lib/osx\"";
				GCC_GENERATE_DEBUGGING_SYMBOLS = YES;
				GCC_MODEL_TUNING = NONE;
				HEADER_SEARCH_PATHS = (
					"$(OF_CORE_HEADERS)",
					../../../addons/ofxAppUtils/src,
					../../../addons/ofxGuiExtended/src,
					../../../addons/ofxGuiExtended/src/DOM,
					../../../addons/ofxGuiExtended/src/containers,
					../../../addons/ofxGuiExtended/src/controls,
					../../../addons/ofxGuiExtended/src/view,
					../../../addons/ofxPostProcessing/src,
					../../../addons/ofxSortableList/src,
				);
				ICON = "$(ICON_NAME_RELEASE)";
				ICON_FILE = "$(ICON_FILE_PATH)$(ICON)";
				INFOPLIST_FILE = "openFrameworks-Info.plist";
				INSTALL_PATH = /Applications;
				LIBRARY_SEARCH_PATHS = "$(inherited)";
				PRODUCT_BUNDLE_IDENTIFIER = cc.openFrameworks.ofapp;
				PRODUCT_NAME = "$(TARGET_NAME)";
				USER_HEADER_SEARCH_PATHS = "";
				WRAPPER_EXTENSION = app;
				baseConfigurationReference = E4EB6923138AFD0F00A09F29;
			};
			name = Release;
		};
/* End XCBuildConfiguration section */

/* Begin XCConfigurationList section */
		E4B69B4D0A3A1720003C02F2 /* Build configuration list for PBXProject "deBug" */ = {
			isa = XCConfigurationList;
			buildConfigurations = (
				E4B69B4E0A3A1720003C02F2 /* Debug */,
				E4B69B4F0A3A1720003C02F2 /* Release */,
				99FA3DBB1C7456C400CFA0EE /* AppStore */,
			);
			defaultConfigurationIsVisible = 0;
			defaultConfigurationName = Release;
		};
		E4B69B5F0A3A1757003C02F2 /* Build configuration list for PBXNativeTarget "deBug" */ = {
			isa = XCConfigurationList;
			buildConfigurations = (
				E4B69B600A3A1757003C02F2 /* Debug */,
				E4B69B610A3A1757003C02F2 /* Release */,
				99FA3DBC1C7456C400CFA0EE /* AppStore */,
			);
			defaultConfigurationIsVisible = 0;
			defaultConfigurationName = Release;
		};
/* End XCConfigurationList section */
	};
	rootObject = E4B69B4C0A3A1720003C02F2 /* Project object */;
}
